// !$*UTF8*$!
{
	archiveVersion = 1;
	classes = {
	};
	objectVersion = 90;
	objects = {

/* Begin PBXBuildFile section */
		3FA9FE7A7ED1E0E11A762DA5 /* MetadataEngine.framework in Frameworks */ = {isa = PBXBuildFile; fileRef = CED2D4430BA1E3E049474797 /* MetadataEngine.framework */; };
		494CA1B7B9F0A556581FA522 /* AppKitBridge.framework in Frameworks */ = {isa = PBXBuildFile; fileRef = F562DA36ACAEFB3C6500B95A /* AppKitBridge.framework */; };
		7AE63E1FA35CCEBB482E23FC /* PluginSystem.framework in Frameworks */ = {isa = PBXBuildFile; fileRef = 18F38166DD2A3099E8FE0858 /* PluginSystem.framework */; };
		8936279BAA0C262362C00AF8 /* DataLayer.framework in Frameworks */ = {isa = PBXBuildFile; fileRef = 9B1DDC925F9F1E5E4E088892 /* DataLayer.framework */; };
		DC1E55CDE07C50ABCC852ABB /* AudioCore.framework in Frameworks */ = {isa = PBXBuildFile; fileRef = B56E76AE54B417BEB40A73B1 /* AudioCore.framework */; };
		E1189D5441F4CD5791E82C97 /* Shared.framework in Frameworks */ = {isa = PBXBuildFile; fileRef = F0FB725E4BA59018898B62D0 /* Shared.framework */; };
		E2BA0DF52EBD076E00DF20D9 /* TestFixtures.swift in Sources */ = {isa = PBXBuildFile; fileRef = E2BA0DEF2EBD076E00DF20D9 /* TestFixtures.swift */; };
		E2BA0DF62EBD076E00DF20D9 /* MockFactories.swift in Sources */ = {isa = PBXBuildFile; fileRef = E2BA0DEE2EBD076E00DF20D9 /* MockFactories.swift */; };
		E2BA0DF72EBD076E00DF20D9 /* TrackTests.swift in Sources */ = {isa = PBXBuildFile; fileRef = E2BA0DEC2EBD076E00DF20D9 /* TrackTests.swift */; };
		E2BA0DF82EBD076E00DF20D9 /* ArtistTests.swift in Sources */ = {isa = PBXBuildFile; fileRef = E2BA0DEA2EBD076E00DF20D9 /* ArtistTests.swift */; };
		E2BA0DF92EBD076E00DF20D9 /* PlaylistTests.swift in Sources */ = {isa = PBXBuildFile; fileRef = E2BA0DEB2EBD076E00DF20D9 /* PlaylistTests.swift */; };
		E2BA0DFA2EBD076E00DF20D9 /* AlbumTests.swift in Sources */ = {isa = PBXBuildFile; fileRef = E2BA0DE92EBD076E00DF20D9 /* AlbumTests.swift */; };
		E2BA0DFF2EBD078400DF20D9 /* Assets.xcassets in Resources */ = {isa = PBXBuildFile; fileRef = E2BA0DFB2EBD078400DF20D9 /* Assets.xcassets */; };
		E2BA0E1F2EBD081100DF20D9 /* project.yml in Resources */ = {isa = PBXBuildFile; fileRef = E2BA0E1D2EBD081100DF20D9 /* project.yml */; };
		E2BA0E202EBD081100DF20D9 /* README.md in Resources */ = {isa = PBXBuildFile; fileRef = E2BA0E1E2EBD081100DF20D9 /* README.md */; };
		E2BA0E312EBD093600DF20D9 /* Track.swift in Sources */ = {isa = PBXBuildFile; fileRef = E2BA0E282EBD093600DF20D9 /* Track.swift */; };
		E2BA0E322EBD093600DF20D9 /* Album.swift in Sources */ = {isa = PBXBuildFile; fileRef = E2BA0E242EBD093600DF20D9 /* Album.swift */; };
		E2BA0E332EBD093600DF20D9 /* VersionManager.swift in Sources */ = {isa = PBXBuildFile; fileRef = E2BA0E2C2EBD093600DF20D9 /* VersionManager.swift */; };
		E2BA0E342EBD093600DF20D9 /* AutoVersionUpdate.swift in Sources */ = {isa = PBXBuildFile; fileRef = E2BA0E2A2EBD093600DF20D9 /* AutoVersionUpdate.swift */; };
		E2BA0E352EBD093600DF20D9 /* Playlist.swift in Sources */ = {isa = PBXBuildFile; fileRef = E2BA0E272EBD093600DF20D9 /* Playlist.swift */; };
		E2BA0E362EBD093600DF20D9 /* AppSettings.swift in Sources */ = {isa = PBXBuildFile; fileRef = E2BA0E252EBD093600DF20D9 /* AppSettings.swift */; };
		E2BA0E372EBD093600DF20D9 /* Artist.swift in Sources */ = {isa = PBXBuildFile; fileRef = E2BA0E262EBD093600DF20D9 /* Artist.swift */; };
		E2BA0E382EBD093600DF20D9 /* ModuleVersionManager.swift in Sources */ = {isa = PBXBuildFile; fileRef = E2BA0E2B2EBD093600DF20D9 /* ModuleVersionManager.swift */; };
		E2BA0E392EBD093600DF20D9 /* Logger.swift in Sources */ = {isa = PBXBuildFile; fileRef = E2BA0E222EBD093600DF20D9 /* Logger.swift */; };
		E2BA0E3A2EBD093600DF20D9 /* README.md in Resources */ = {isa = PBXBuildFile; fileRef = E2BA0E2F2EBD093600DF20D9 /* README.md */; };
		E2BA0E422EBD096F00DF20D9 /* README.md in Resources */ = {isa = PBXBuildFile; fileRef = E2BA0E402EBD096F00DF20D9 /* README.md */; };
		E2BA0E432EBD096F00DF20D9 /* AppKitBridge.swift in Sources */ = {isa = PBXBuildFile; fileRef = E2BA0E3F2EBD096F00DF20D9 /* AppKitBridge.swift */; };
		E2BA0E662EBD09C700DF20D9 /* AudioCore.swift in Sources */ = {isa = PBXBuildFile; fileRef = E2BA0E632EBD09C700DF20D9 /* AudioCore.swift */; };
		E2BA0E672EBD09C700DF20D9 /* README.md in Resources */ = {isa = PBXBuildFile; fileRef = E2BA0E642EBD09C700DF20D9 /* README.md */; };
		E2BA0E6E2EBD09D200DF20D9 /* README.md in Resources */ = {isa = PBXBuildFile; fileRef = E2BA0E6C2EBD09D200DF20D9 /* README.md */; };
		E2BA0E6F2EBD09D200DF20D9 /* DataLayer.swift in Sources */ = {isa = PBXBuildFile; fileRef = E2BA0E6B2EBD09D200DF20D9 /* DataLayer.swift */; };
		E2BA0E762EBD09DA00DF20D9 /* MetadataEngine.swift in Sources */ = {isa = PBXBuildFile; fileRef = E2BA0E732EBD09DA00DF20D9 /* MetadataEngine.swift */; };
		E2BA0E772EBD09DA00DF20D9 /* README.md in Resources */ = {isa = PBXBuildFile; fileRef = E2BA0E742EBD09DA00DF20D9 /* README.md */; };
		E2BA0E7F2EBD09E400DF20D9 /* README.md in Resources */ = {isa = PBXBuildFile; fileRef = E2BA0E7D2EBD09E400DF20D9 /* README.md */; };
		E2BA0E802EBD09E400DF20D9 /* PluginSystem.swift in Sources */ = {isa = PBXBuildFile; fileRef = E2BA0E7C2EBD09E400DF20D9 /* PluginSystem.swift */; };
		E2BA0E8B2EBD0AC100DF20D9 /* ModuleVersionConflictView.swift in Sources */ = {isa = PBXBuildFile; fileRef = E2BA0E842EBD09F300DF20D9 /* ModuleVersionConflictView.swift */; };
		E2BA0E8C2EBD0AC100DF20D9 /* ContentView.swift in Sources */ = {isa = PBXBuildFile; fileRef = E2BA0E882EBD09F300DF20D9 /* ContentView.swift */; };
		E2BA0E8D2EBD0AC100DF20D9 /* AudientiaApp.swift in Sources */ = {isa = PBXBuildFile; fileRef = E2BA0E872EBD09F300DF20D9 /* AudientiaApp.swift */; };
		EBEC634EEFDF2588B01D3923 /* Platforms/MacOSX.platform/Developer/Library/Frameworks/XCTest.framework in Frameworks */ = {isa = PBXBuildFile; fileRef = 0D3268B266637AA808DE765A /* Platforms/MacOSX.platform/Developer/Library/Frameworks/XCTest.framework */; };
/* End PBXBuildFile section */

/* Begin PBXContainerItemProxy section */
		1E781E9E40331B14C0696AAE /* PBXContainerItemProxy */ = {
			isa = PBXContainerItemProxy;
			containerPortal = C2C3DCF2EF2BC8483228CBB5 /* Project object */;
			proxyType = 1;
			remoteGlobalIDString = 8F690B7F5AD95FE4E5A4C80E;
			remoteInfo = Shared;
		};
		2DD05405463B2E568507A978 /* PBXContainerItemProxy */ = {
			isa = PBXContainerItemProxy;
			containerPortal = C2C3DCF2EF2BC8483228CBB5 /* Project object */;
			proxyType = 1;
			remoteGlobalIDString = 8F690B7F5AD95FE4E5A4C80E;
			remoteInfo = Shared;
		};
		5002D5DEFF686A80D83C7F19 /* PBXContainerItemProxy */ = {
			isa = PBXContainerItemProxy;
			containerPortal = C2C3DCF2EF2BC8483228CBB5 /* Project object */;
			proxyType = 1;
			remoteGlobalIDString = 8F690B7F5AD95FE4E5A4C80E;
			remoteInfo = Shared;
		};
		560691D5F36F36B449267E8D /* PBXContainerItemProxy */ = {
			isa = PBXContainerItemProxy;
			containerPortal = C2C3DCF2EF2BC8483228CBB5 /* Project object */;
			proxyType = 1;
			remoteGlobalIDString = 8F690B7F5AD95FE4E5A4C80E;
			remoteInfo = Shared;
		};
		77E10681A82196189A2D3FDB /* PBXContainerItemProxy */ = {
			isa = PBXContainerItemProxy;
			containerPortal = C2C3DCF2EF2BC8483228CBB5 /* Project object */;
			proxyType = 1;
			remoteGlobalIDString = 1AAD8BCB3F8F53717E8EFFCF;
			remoteInfo = PluginSystem;
		};
		816576A7549FD32DF9512FF9 /* PBXContainerItemProxy */ = {
			isa = PBXContainerItemProxy;
			containerPortal = C2C3DCF2EF2BC8483228CBB5 /* Project object */;
			proxyType = 1;
			remoteGlobalIDString = 8F690B7F5AD95FE4E5A4C80E;
			remoteInfo = Shared;
		};
		C25EC00423676E8EBDE7D14E /* PBXContainerItemProxy */ = {
			isa = PBXContainerItemProxy;
			containerPortal = C2C3DCF2EF2BC8483228CBB5 /* Project object */;
			proxyType = 1;
			remoteGlobalIDString = 33715E2C16AF3CB3145F128E;
			remoteInfo = MetadataEngine;
		};
		CC98E0F06435D123F8E37160 /* PBXContainerItemProxy */ = {
			isa = PBXContainerItemProxy;
			containerPortal = C2C3DCF2EF2BC8483228CBB5 /* Project object */;
			proxyType = 1;
			remoteGlobalIDString = 4E0DF1D8578E8858DB4F5A3D;
			remoteInfo = AudioCore;
		};
		D4DA7CEF2008370D9C7F6A90 /* PBXContainerItemProxy */ = {
			isa = PBXContainerItemProxy;
			containerPortal = C2C3DCF2EF2BC8483228CBB5 /* Project object */;
			proxyType = 1;
			remoteGlobalIDString = 8F690B7F5AD95FE4E5A4C80E;
			remoteInfo = Shared;
		};
		DDB142E3C1834675980FBC38 /* PBXContainerItemProxy */ = {
			isa = PBXContainerItemProxy;
			containerPortal = C2C3DCF2EF2BC8483228CBB5 /* Project object */;
			proxyType = 1;
			remoteGlobalIDString = 8F690B7F5AD95FE4E5A4C80E;
			remoteInfo = Shared;
		};
		E01A2CF4AA8620D209062C71 /* PBXContainerItemProxy */ = {
			isa = PBXContainerItemProxy;
			containerPortal = C2C3DCF2EF2BC8483228CBB5 /* Project object */;
			proxyType = 1;
			remoteGlobalIDString = 230C4FDFB1206360A656A583;
			remoteInfo = AppKitBridge;
		};
		FD25E4662DF50FAC09547B14 /* PBXContainerItemProxy */ = {
			isa = PBXContainerItemProxy;
			containerPortal = C2C3DCF2EF2BC8483228CBB5 /* Project object */;
			proxyType = 1;
			remoteGlobalIDString = EB0306C92F4BF00DD2F84FB0;
			remoteInfo = DataLayer;
		};
/* End PBXContainerItemProxy section */

/* Begin PBXFileReference section */
		0D3268B266637AA808DE765A /* Platforms/MacOSX.platform/Developer/Library/Frameworks/XCTest.framework */ = {isa = PBXFileReference; lastKnownFileType = wrapper.framework; path = Platforms/MacOSX.platform/Developer/Library/Frameworks/XCTest.framework; sourceTree = DEVELOPER_DIR; };
		18F38166DD2A3099E8FE0858 /* PluginSystem.framework */ = {isa = PBXFileReference; explicitFileType = wrapper.framework; includeInIndex = 0; path = PluginSystem.framework; sourceTree = BUILT_PRODUCTS_DIR; };
		9B1DDC925F9F1E5E4E088892 /* DataLayer.framework */ = {isa = PBXFileReference; explicitFileType = wrapper.framework; includeInIndex = 0; path = DataLayer.framework; sourceTree = BUILT_PRODUCTS_DIR; };
		B56E76AE54B417BEB40A73B1 /* AudioCore.framework */ = {isa = PBXFileReference; explicitFileType = wrapper.framework; includeInIndex = 0; path = AudioCore.framework; sourceTree = BUILT_PRODUCTS_DIR; };
		BCC366B4B1252D3A95E57B4B /* SharedTests.xctest */ = {isa = PBXFileReference; explicitFileType = wrapper.cfbundle; includeInIndex = 0; path = SharedTests.xctest; sourceTree = BUILT_PRODUCTS_DIR; };
		CED2D4430BA1E3E049474797 /* MetadataEngine.framework */ = {isa = PBXFileReference; explicitFileType = wrapper.framework; includeInIndex = 0; path = MetadataEngine.framework; sourceTree = BUILT_PRODUCTS_DIR; };
		D067F44B91574AA9124948D5 /* Audientia.app */ = {isa = PBXFileReference; explicitFileType = wrapper.application; includeInIndex = 0; path = Audientia.app; sourceTree = BUILT_PRODUCTS_DIR; };
		E2BA0DE92EBD076E00DF20D9 /* AlbumTests.swift */ = {isa = PBXFileReference; lastKnownFileType = sourcecode.swift; path = AlbumTests.swift; sourceTree = "<group>"; };
		E2BA0DEA2EBD076E00DF20D9 /* ArtistTests.swift */ = {isa = PBXFileReference; lastKnownFileType = sourcecode.swift; path = ArtistTests.swift; sourceTree = "<group>"; };
		E2BA0DEB2EBD076E00DF20D9 /* PlaylistTests.swift */ = {isa = PBXFileReference; lastKnownFileType = sourcecode.swift; path = PlaylistTests.swift; sourceTree = "<group>"; };
		E2BA0DEC2EBD076E00DF20D9 /* TrackTests.swift */ = {isa = PBXFileReference; lastKnownFileType = sourcecode.swift; path = TrackTests.swift; sourceTree = "<group>"; };
		E2BA0DEE2EBD076E00DF20D9 /* MockFactories.swift */ = {isa = PBXFileReference; lastKnownFileType = sourcecode.swift; path = MockFactories.swift; sourceTree = "<group>"; };
		E2BA0DEF2EBD076E00DF20D9 /* TestFixtures.swift */ = {isa = PBXFileReference; lastKnownFileType = sourcecode.swift; path = TestFixtures.swift; sourceTree = "<group>"; };
		E2BA0DF22EBD076E00DF20D9 /* README.md */ = {isa = PBXFileReference; lastKnownFileType = net.daringfireball.markdown; path = README.md; sourceTree = "<group>"; };
		E2BA0DFB2EBD078400DF20D9 /* Assets.xcassets */ = {isa = PBXFileReference; lastKnownFileType = folder.assetcatalog; path = Assets.xcassets; sourceTree = "<group>"; };
		E2BA0DFC2EBD078400DF20D9 /* README.md */ = {isa = PBXFileReference; lastKnownFileType = net.daringfireball.markdown; path = README.md; sourceTree = "<group>"; };
		E2BA0E002EBD078E00DF20D9 /* 01-vision-and-name.md */ = {isa = PBXFileReference; lastKnownFileType = net.daringfireball.markdown; path = "01-vision-and-name.md"; sourceTree = "<group>"; };
		E2BA0E012EBD078E00DF20D9 /* 02-language-evaluation-and-recommendation.md */ = {isa = PBXFileReference; lastKnownFileType = net.daringfireball.markdown; path = "02-language-evaluation-and-recommendation.md"; sourceTree = "<group>"; };
		E2BA0E022EBD078E00DF20D9 /* 03-feature-comparison.md */ = {isa = PBXFileReference; lastKnownFileType = net.daringfireball.markdown; path = "03-feature-comparison.md"; sourceTree = "<group>"; };
		E2BA0E032EBD078E00DF20D9 /* 04-architecture.md */ = {isa = PBXFileReference; lastKnownFileType = net.daringfireball.markdown; path = "04-architecture.md"; sourceTree = "<group>"; };
		E2BA0E042EBD078E00DF20D9 /* 05-roadmap-and-testing-strategy.md */ = {isa = PBXFileReference; lastKnownFileType = net.daringfireball.markdown; path = "05-roadmap-and-testing-strategy.md"; sourceTree = "<group>"; };
		E2BA0E052EBD078E00DF20D9 /* 06-best-practices-and-clean-code.md */ = {isa = PBXFileReference; lastKnownFileType = net.daringfireball.markdown; path = "06-best-practices-and-clean-code.md"; sourceTree = "<group>"; };
		E2BA0E062EBD078E00DF20D9 /* 07-logging-observability.md */ = {isa = PBXFileReference; lastKnownFileType = net.daringfireball.markdown; path = "07-logging-observability.md"; sourceTree = "<group>"; };
		E2BA0E072EBD078E00DF20D9 /* 08-ml-ai-features.md */ = {isa = PBXFileReference; lastKnownFileType = net.daringfireball.markdown; path = "08-ml-ai-features.md"; sourceTree = "<group>"; };
		E2BA0E082EBD078E00DF20D9 /* 09-branding-and-icon.md */ = {isa = PBXFileReference; lastKnownFileType = net.daringfireball.markdown; path = "09-branding-and-icon.md"; sourceTree = "<group>"; };
		E2BA0E092EBD078E00DF20D9 /* 10-integration-open-source-reuse.md */ = {isa = PBXFileReference; lastKnownFileType = net.daringfireball.markdown; path = "10-integration-open-source-reuse.md"; sourceTree = "<group>"; };
		E2BA0E0A2EBD078E00DF20D9 /* 11-versioning-system.md */ = {isa = PBXFileReference; lastKnownFileType = net.daringfireball.markdown; path = "11-versioning-system.md"; sourceTree = "<group>"; };
		E2BA0E0B2EBD078E00DF20D9 /* README.md */ = {isa = PBXFileReference; lastKnownFileType = net.daringfireball.markdown; path = README.md; sourceTree = "<group>"; };
		E2BA0E0D2EBD079D00DF20D9 /* create_blank_project.rb */ = {isa = PBXFileReference; lastKnownFileType = text.script.ruby; path = create_blank_project.rb; sourceTree = "<group>"; };
		E2BA0E0E2EBD079D00DF20D9 /* load_versions.swift */ = {isa = PBXFileReference; lastKnownFileType = sourcecode.swift; path = load_versions.swift; sourceTree = "<group>"; };
		E2BA0E0F2EBD079D00DF20D9 /* README.md */ = {isa = PBXFileReference; lastKnownFileType = net.daringfireball.markdown; path = README.md; sourceTree = "<group>"; };
		E2BA0E102EBD079D00DF20D9 /* update_version.sh */ = {isa = PBXFileReference; lastKnownFileType = text.script.sh; path = update_version.sh; sourceTree = "<group>"; };
		E2BA0E122EBD07A900DF20D9 /* Info.plist */ = {isa = PBXFileReference; lastKnownFileType = text.plist.xml; path = Info.plist; sourceTree = "<group>"; };
		E2BA0E142EBD07A900DF20D9 /* PROJECT_STATUS.md */ = {isa = PBXFileReference; lastKnownFileType = net.daringfireball.markdown; path = PROJECT_STATUS.md; sourceTree = "<group>"; };
		E2BA0E152EBD07A900DF20D9 /* README.md */ = {isa = PBXFileReference; lastKnownFileType = net.daringfireball.markdown; path = README.md; sourceTree = "<group>"; };
		E2BA0E162EBD07A900DF20D9 /* SETUP.md */ = {isa = PBXFileReference; lastKnownFileType = net.daringfireball.markdown; path = SETUP.md; sourceTree = "<group>"; };
		E2BA0E1D2EBD081100DF20D9 /* project.yml */ = {isa = PBXFileReference; lastKnownFileType = text.yaml; path = project.yml; sourceTree = "<group>"; };
		E2BA0E1E2EBD081100DF20D9 /* README.md */ = {isa = PBXFileReference; lastKnownFileType = net.daringfireball.markdown; path = README.md; sourceTree = "<group>"; };
		E2BA0E222EBD093600DF20D9 /* Logger.swift */ = {isa = PBXFileReference; lastKnownFileType = sourcecode.swift; path = Logger.swift; sourceTree = "<group>"; };
		E2BA0E242EBD093600DF20D9 /* Album.swift */ = {isa = PBXFileReference; lastKnownFileType = sourcecode.swift; path = Album.swift; sourceTree = "<group>"; };
		E2BA0E252EBD093600DF20D9 /* AppSettings.swift */ = {isa = PBXFileReference; lastKnownFileType = sourcecode.swift; path = AppSettings.swift; sourceTree = "<group>"; };
		E2BA0E262EBD093600DF20D9 /* Artist.swift */ = {isa = PBXFileReference; lastKnownFileType = sourcecode.swift; path = Artist.swift; sourceTree = "<group>"; };
		E2BA0E272EBD093600DF20D9 /* Playlist.swift */ = {isa = PBXFileReference; lastKnownFileType = sourcecode.swift; path = Playlist.swift; sourceTree = "<group>"; };
		E2BA0E282EBD093600DF20D9 /* Track.swift */ = {isa = PBXFileReference; lastKnownFileType = sourcecode.swift; path = Track.swift; sourceTree = "<group>"; };
		E2BA0E2A2EBD093600DF20D9 /* AutoVersionUpdate.swift */ = {isa = PBXFileReference; lastKnownFileType = sourcecode.swift; path = AutoVersionUpdate.swift; sourceTree = "<group>"; };
		E2BA0E2B2EBD093600DF20D9 /* ModuleVersionManager.swift */ = {isa = PBXFileReference; lastKnownFileType = sourcecode.swift; path = ModuleVersionManager.swift; sourceTree = "<group>"; };
		E2BA0E2C2EBD093600DF20D9 /* VersionManager.swift */ = {isa = PBXFileReference; lastKnownFileType = sourcecode.swift; path = VersionManager.swift; sourceTree = "<group>"; };
		E2BA0E2F2EBD093600DF20D9 /* README.md */ = {isa = PBXFileReference; lastKnownFileType = net.daringfireball.markdown; path = README.md; sourceTree = "<group>"; };
		E2BA0E3F2EBD096F00DF20D9 /* AppKitBridge.swift */ = {isa = PBXFileReference; lastKnownFileType = sourcecode.swift; path = AppKitBridge.swift; sourceTree = "<group>"; };
		E2BA0E402EBD096F00DF20D9 /* README.md */ = {isa = PBXFileReference; lastKnownFileType = net.daringfireball.markdown; path = README.md; sourceTree = "<group>"; };
		E2BA0E632EBD09C700DF20D9 /* AudioCore.swift */ = {isa = PBXFileReference; lastKnownFileType = sourcecode.swift; path = AudioCore.swift; sourceTree = "<group>"; };
		E2BA0E642EBD09C700DF20D9 /* README.md */ = {isa = PBXFileReference; lastKnownFileType = net.daringfireball.markdown; path = README.md; sourceTree = "<group>"; };
		E2BA0E6B2EBD09D200DF20D9 /* DataLayer.swift */ = {isa = PBXFileReference; lastKnownFileType = sourcecode.swift; path = DataLayer.swift; sourceTree = "<group>"; };
		E2BA0E6C2EBD09D200DF20D9 /* README.md */ = {isa = PBXFileReference; lastKnownFileType = net.daringfireball.markdown; path = README.md; sourceTree = "<group>"; };
		E2BA0E732EBD09DA00DF20D9 /* MetadataEngine.swift */ = {isa = PBXFileReference; lastKnownFileType = sourcecode.swift; path = MetadataEngine.swift; sourceTree = "<group>"; };
		E2BA0E742EBD09DA00DF20D9 /* README.md */ = {isa = PBXFileReference; lastKnownFileType = net.daringfireball.markdown; path = README.md; sourceTree = "<group>"; };
		E2BA0E7C2EBD09E400DF20D9 /* PluginSystem.swift */ = {isa = PBXFileReference; lastKnownFileType = sourcecode.swift; path = PluginSystem.swift; sourceTree = "<group>"; };
		E2BA0E7D2EBD09E400DF20D9 /* README.md */ = {isa = PBXFileReference; lastKnownFileType = net.daringfireball.markdown; path = README.md; sourceTree = "<group>"; };
		E2BA0E842EBD09F300DF20D9 /* ModuleVersionConflictView.swift */ = {isa = PBXFileReference; lastKnownFileType = sourcecode.swift; path = ModuleVersionConflictView.swift; sourceTree = "<group>"; };
		E2BA0E872EBD09F300DF20D9 /* AudientiaApp.swift */ = {isa = PBXFileReference; lastKnownFileType = sourcecode.swift; path = AudientiaApp.swift; sourceTree = "<group>"; };
		E2BA0E882EBD09F300DF20D9 /* ContentView.swift */ = {isa = PBXFileReference; lastKnownFileType = sourcecode.swift; path = ContentView.swift; sourceTree = "<group>"; };
		E2BA0E892EBD09F300DF20D9 /* README.md */ = {isa = PBXFileReference; lastKnownFileType = net.daringfireball.markdown; path = README.md; sourceTree = "<group>"; };
		E2BA0E8E2EBD0B6200DF20D9 /* Audientia.xctestplan */ = {isa = PBXFileReference; lastKnownFileType = text; path = Audientia.xctestplan; sourceTree = "<group>"; };
		F0FB725E4BA59018898B62D0 /* Shared.framework */ = {isa = PBXFileReference; explicitFileType = wrapper.framework; includeInIndex = 0; path = Shared.framework; sourceTree = BUILT_PRODUCTS_DIR; };
		F562DA36ACAEFB3C6500B95A /* AppKitBridge.framework */ = {isa = PBXFileReference; explicitFileType = wrapper.framework; includeInIndex = 0; path = AppKitBridge.framework; sourceTree = BUILT_PRODUCTS_DIR; };
/* End PBXFileReference section */

/* Begin PBXFrameworksBuildPhase section */
		03E82AD030BFE77D0B1FCA8D /* Frameworks */ = {
			isa = PBXFrameworksBuildPhase;
			files = (
			);
		};
		10D1F1E91854514757E4558B /* Frameworks */ = {
			isa = PBXFrameworksBuildPhase;
			files = (
				EBEC634EEFDF2588B01D3923 /* Platforms/MacOSX.platform/Developer/Library/Frameworks/XCTest.framework in Frameworks */,
			);
		};
		51054654C9E3731DDD6F0C9E /* Frameworks */ = {
			isa = PBXFrameworksBuildPhase;
			files = (
			);
		};
		62A7E6E337087A55C70D34D5 /* Frameworks */ = {
			isa = PBXFrameworksBuildPhase;
			files = (
			);
		};
		89A73800997F70D4D189322F /* Frameworks */ = {
			isa = PBXFrameworksBuildPhase;
			files = (
			);
		};
		CE31C6CCB6856BA780C75B59 /* Frameworks */ = {
			isa = PBXFrameworksBuildPhase;
			files = (
			);
		};
		E3D5022B2813FC04CD8A804C /* Frameworks */ = {
			isa = PBXFrameworksBuildPhase;
			files = (
			);
		};
		ED36E4EC51957F96B9D44CCC /* Frameworks */ = {
			isa = PBXFrameworksBuildPhase;
			files = (
				E1189D5441F4CD5791E82C97 /* Shared.framework in Frameworks */,
				494CA1B7B9F0A556581FA522 /* AppKitBridge.framework in Frameworks */,
				DC1E55CDE07C50ABCC852ABB /* AudioCore.framework in Frameworks */,
				8936279BAA0C262362C00AF8 /* DataLayer.framework in Frameworks */,
				3FA9FE7A7ED1E0E11A762DA5 /* MetadataEngine.framework in Frameworks */,
				7AE63E1FA35CCEBB482E23FC /* PluginSystem.framework in Frameworks */,
			);
		};
/* End PBXFrameworksBuildPhase section */

/* Begin PBXGroup section */
		1D09847F19EDDC858AA5261C = {
			isa = PBXGroup;
			children = (
				E2BA0E8E2EBD0B6200DF20D9 /* Audientia.xctestplan */,
				E2BA0E1D2EBD081100DF20D9 /* project.yml */,
				E2BA0E1E2EBD081100DF20D9 /* README.md */,
				E2BA0E172EBD07A900DF20D9 /* Configuration */,
				E2BA0E112EBD079D00DF20D9 /* Scripts */,
				E2BA0E0C2EBD078E00DF20D9 /* Documentation */,
				E2BA0DFD2EBD078400DF20D9 /* Resources */,
				E2BA0DF32EBD076E00DF20D9 /* Tests */,
				E2BA0DD02EBD075100DF20D9 /* Sources */,
				4A0FFB915B2DF699BE924071 /* Products */,
				985577845B2780D9AD06BB01 /* Frameworks */,
			);
			sourceTree = "<group>";
		};
		4A0FFB915B2DF699BE924071 /* Products */ = {
			isa = PBXGroup;
			children = (
				D067F44B91574AA9124948D5 /* Audientia.app */,
				F0FB725E4BA59018898B62D0 /* Shared.framework */,
				F562DA36ACAEFB3C6500B95A /* AppKitBridge.framework */,
				B56E76AE54B417BEB40A73B1 /* AudioCore.framework */,
				9B1DDC925F9F1E5E4E088892 /* DataLayer.framework */,
				CED2D4430BA1E3E049474797 /* MetadataEngine.framework */,
				18F38166DD2A3099E8FE0858 /* PluginSystem.framework */,
				BCC366B4B1252D3A95E57B4B /* SharedTests.xctest */,
			);
			name = Products;
			sourceTree = "<group>";
		};
		985577845B2780D9AD06BB01 /* Frameworks */ = {
			isa = PBXGroup;
			children = (
				0D3268B266637AA808DE765A /* Platforms/MacOSX.platform/Developer/Library/Frameworks/XCTest.framework */,
			);
			name = Frameworks;
			sourceTree = "<group>";
		};
		E2BA0DD02EBD075100DF20D9 /* Sources */ = {
			isa = PBXGroup;
			children = (
				E2BA0E8A2EBD09F300DF20D9 /* UI */,
				E2BA0E752EBD09DA00DF20D9 /* MetadataEngine */,
				E2BA0E6D2EBD09D200DF20D9 /* DataLayer */,
				E2BA0E652EBD09C700DF20D9 /* AudioCore */,
				E2BA0E412EBD096F00DF20D9 /* AppKitBridge */,
				E2BA0E302EBD093600DF20D9 /* Shared */,
				E2BA0E7E2EBD09E400DF20D9 /* PluginSystem */,
			);
			path = Sources;
			sourceTree = "<group>";
		};
		E2BA0DED2EBD076E00DF20D9 /* Models */ = {
			isa = PBXGroup;
			children = (
				E2BA0DE92EBD076E00DF20D9 /* AlbumTests.swift */,
				E2BA0DEA2EBD076E00DF20D9 /* ArtistTests.swift */,
				E2BA0DEB2EBD076E00DF20D9 /* PlaylistTests.swift */,
				E2BA0DEC2EBD076E00DF20D9 /* TrackTests.swift */,
			);
			path = Models;
			sourceTree = "<group>";
		};
		E2BA0DF02EBD076E00DF20D9 /* TestInfrastructure */ = {
			isa = PBXGroup;
			children = (
				E2BA0DEE2EBD076E00DF20D9 /* MockFactories.swift */,
				E2BA0DEF2EBD076E00DF20D9 /* TestFixtures.swift */,
			);
			path = TestInfrastructure;
			sourceTree = "<group>";
		};
		E2BA0DF12EBD076E00DF20D9 /* SharedTests */ = {
			isa = PBXGroup;
			children = (
				E2BA0DED2EBD076E00DF20D9 /* Models */,
				E2BA0DF02EBD076E00DF20D9 /* TestInfrastructure */,
			);
			path = SharedTests;
			sourceTree = "<group>";
		};
		E2BA0DF32EBD076E00DF20D9 /* Tests */ = {
			isa = PBXGroup;
			children = (
				E2BA0DF12EBD076E00DF20D9 /* SharedTests */,
				E2BA0DF22EBD076E00DF20D9 /* README.md */,
			);
			path = Tests;
			sourceTree = "<group>";
		};
		E2BA0DFD2EBD078400DF20D9 /* Resources */ = {
			isa = PBXGroup;
			children = (
				E2BA0DFB2EBD078400DF20D9 /* Assets.xcassets */,
				E2BA0DFC2EBD078400DF20D9 /* README.md */,
			);
			path = Resources;
			sourceTree = "<group>";
		};
		E2BA0E0C2EBD078E00DF20D9 /* Documentation */ = {
			isa = PBXGroup;
			children = (
				E2BA0E002EBD078E00DF20D9 /* 01-vision-and-name.md */,
				E2BA0E012EBD078E00DF20D9 /* 02-language-evaluation-and-recommendation.md */,
				E2BA0E022EBD078E00DF20D9 /* 03-feature-comparison.md */,
				E2BA0E032EBD078E00DF20D9 /* 04-architecture.md */,
				E2BA0E042EBD078E00DF20D9 /* 05-roadmap-and-testing-strategy.md */,
				E2BA0E052EBD078E00DF20D9 /* 06-best-practices-and-clean-code.md */,
				E2BA0E062EBD078E00DF20D9 /* 07-logging-observability.md */,
				E2BA0E072EBD078E00DF20D9 /* 08-ml-ai-features.md */,
				E2BA0E082EBD078E00DF20D9 /* 09-branding-and-icon.md */,
				E2BA0E092EBD078E00DF20D9 /* 10-integration-open-source-reuse.md */,
				E2BA0E0A2EBD078E00DF20D9 /* 11-versioning-system.md */,
				E2BA0E0B2EBD078E00DF20D9 /* README.md */,
			);
			path = Documentation;
			sourceTree = "<group>";
		};
		E2BA0E112EBD079D00DF20D9 /* Scripts */ = {
			isa = PBXGroup;
			children = (
				E2BA0E0D2EBD079D00DF20D9 /* create_blank_project.rb */,
				E2BA0E0E2EBD079D00DF20D9 /* load_versions.swift */,
				E2BA0E0F2EBD079D00DF20D9 /* README.md */,
				E2BA0E102EBD079D00DF20D9 /* update_version.sh */,
			);
			path = Scripts;
			sourceTree = "<group>";
		};
		E2BA0E172EBD07A900DF20D9 /* Configuration */ = {
			isa = PBXGroup;
			children = (
				E2BA0E122EBD07A900DF20D9 /* Info.plist */,
				E2BA0E142EBD07A900DF20D9 /* PROJECT_STATUS.md */,
				E2BA0E152EBD07A900DF20D9 /* README.md */,
				E2BA0E162EBD07A900DF20D9 /* SETUP.md */,
			);
			path = Configuration;
			sourceTree = "<group>";
		};
		E2BA0E212EBD093600DF20D9 /* Extensions */ = {
			isa = PBXGroup;
			children = (
			);
			path = Extensions;
			sourceTree = "<group>";
		};
		E2BA0E232EBD093600DF20D9 /* Logging */ = {
			isa = PBXGroup;
			children = (
				E2BA0E222EBD093600DF20D9 /* Logger.swift */,
			);
			path = Logging;
			sourceTree = "<group>";
		};
		E2BA0E292EBD093600DF20D9 /* Models */ = {
			isa = PBXGroup;
			children = (
				E2BA0E242EBD093600DF20D9 /* Album.swift */,
				E2BA0E252EBD093600DF20D9 /* AppSettings.swift */,
				E2BA0E262EBD093600DF20D9 /* Artist.swift */,
				E2BA0E272EBD093600DF20D9 /* Playlist.swift */,
				E2BA0E282EBD093600DF20D9 /* Track.swift */,
			);
			path = Models;
			sourceTree = "<group>";
		};
		E2BA0E2D2EBD093600DF20D9 /* Utilities */ = {
			isa = PBXGroup;
			children = (
				E2BA0E2A2EBD093600DF20D9 /* AutoVersionUpdate.swift */,
				E2BA0E2B2EBD093600DF20D9 /* ModuleVersionManager.swift */,
				E2BA0E2C2EBD093600DF20D9 /* VersionManager.swift */,
			);
			path = Utilities;
			sourceTree = "<group>";
		};
		E2BA0E2E2EBD093600DF20D9 /* ViewModels */ = {
			isa = PBXGroup;
			children = (
			);
			path = ViewModels;
			sourceTree = "<group>";
		};
		E2BA0E302EBD093600DF20D9 /* Shared */ = {
			isa = PBXGroup;
			children = (
				E2BA0E212EBD093600DF20D9 /* Extensions */,
				E2BA0E232EBD093600DF20D9 /* Logging */,
				E2BA0E292EBD093600DF20D9 /* Models */,
				E2BA0E2D2EBD093600DF20D9 /* Utilities */,
				E2BA0E2E2EBD093600DF20D9 /* ViewModels */,
				E2BA0E2F2EBD093600DF20D9 /* README.md */,
			);
			path = Shared;
			sourceTree = "<group>";
		};
		E2BA0E3B2EBD096F00DF20D9 /* DragAndDrop */ = {
			isa = PBXGroup;
			children = (
			);
			path = DragAndDrop;
			sourceTree = "<group>";
		};
		E2BA0E3C2EBD096F00DF20D9 /* FileDialogs */ = {
			isa = PBXGroup;
			children = (
			);
			path = FileDialogs;
			sourceTree = "<group>";
		};
		E2BA0E3D2EBD096F00DF20D9 /* MenuIntegration */ = {
			isa = PBXGroup;
			children = (
			);
			path = MenuIntegration;
			sourceTree = "<group>";
		};
		E2BA0E3E2EBD096F00DF20D9 /* SystemMediaControls */ = {
			isa = PBXGroup;
			children = (
			);
			path = SystemMediaControls;
			sourceTree = "<group>";
		};
		E2BA0E412EBD096F00DF20D9 /* AppKitBridge */ = {
			isa = PBXGroup;
			children = (
				E2BA0E3B2EBD096F00DF20D9 /* DragAndDrop */,
				E2BA0E3C2EBD096F00DF20D9 /* FileDialogs */,
				E2BA0E3D2EBD096F00DF20D9 /* MenuIntegration */,
				E2BA0E3E2EBD096F00DF20D9 /* SystemMediaControls */,
				E2BA0E3F2EBD096F00DF20D9 /* AppKitBridge.swift */,
				E2BA0E402EBD096F00DF20D9 /* README.md */,
			);
			path = AppKitBridge;
			sourceTree = "<group>";
		};
		E2BA0E5F2EBD09C700DF20D9 /* Bridge */ = {
			isa = PBXGroup;
			children = (
			);
			path = Bridge;
			sourceTree = "<group>";
		};
		E2BA0E602EBD09C700DF20D9 /* Decoder */ = {
			isa = PBXGroup;
			children = (
			);
			path = Decoder;
			sourceTree = "<group>";
		};
		E2BA0E612EBD09C700DF20D9 /* DSP */ = {
			isa = PBXGroup;
			children = (
			);
			path = DSP;
			sourceTree = "<group>";
		};
		E2BA0E622EBD09C700DF20D9 /* Engine */ = {
			isa = PBXGroup;
			children = (
			);
			path = Engine;
			sourceTree = "<group>";
		};
		E2BA0E652EBD09C700DF20D9 /* AudioCore */ = {
			isa = PBXGroup;
			children = (
				E2BA0E5F2EBD09C700DF20D9 /* Bridge */,
				E2BA0E602EBD09C700DF20D9 /* Decoder */,
				E2BA0E612EBD09C700DF20D9 /* DSP */,
				E2BA0E622EBD09C700DF20D9 /* Engine */,
				E2BA0E632EBD09C700DF20D9 /* AudioCore.swift */,
				E2BA0E642EBD09C700DF20D9 /* README.md */,
			);
			path = AudioCore;
			sourceTree = "<group>";
		};
		E2BA0E682EBD09D200DF20D9 /* CoreData */ = {
			isa = PBXGroup;
			children = (
			);
			path = CoreData;
			sourceTree = "<group>";
		};
		E2BA0E692EBD09D200DF20D9 /* Migrations */ = {
			isa = PBXGroup;
			children = (
			);
			path = Migrations;
			sourceTree = "<group>";
		};
		E2BA0E6A2EBD09D200DF20D9 /* SQLite */ = {
			isa = PBXGroup;
			children = (
			);
			path = SQLite;
			sourceTree = "<group>";
		};
		E2BA0E6D2EBD09D200DF20D9 /* DataLayer */ = {
			isa = PBXGroup;
			children = (
				E2BA0E682EBD09D200DF20D9 /* CoreData */,
				E2BA0E692EBD09D200DF20D9 /* Migrations */,
				E2BA0E6A2EBD09D200DF20D9 /* SQLite */,
				E2BA0E6B2EBD09D200DF20D9 /* DataLayer.swift */,
				E2BA0E6C2EBD09D200DF20D9 /* README.md */,
			);
			path = DataLayer;
			sourceTree = "<group>";
		};
		E2BA0E702EBD09DA00DF20D9 /* Artwork */ = {
			isa = PBXGroup;
			children = (
			);
			path = Artwork;
			sourceTree = "<group>";
		};
		E2BA0E712EBD09DA00DF20D9 /* Parsers */ = {
			isa = PBXGroup;
			children = (
			);
			path = Parsers;
			sourceTree = "<group>";
		};
		E2BA0E722EBD09DA00DF20D9 /* Writers */ = {
			isa = PBXGroup;
			children = (
			);
			path = Writers;
			sourceTree = "<group>";
		};
		E2BA0E752EBD09DA00DF20D9 /* MetadataEngine */ = {
			isa = PBXGroup;
			children = (
				E2BA0E702EBD09DA00DF20D9 /* Artwork */,
				E2BA0E712EBD09DA00DF20D9 /* Parsers */,
				E2BA0E722EBD09DA00DF20D9 /* Writers */,
				E2BA0E732EBD09DA00DF20D9 /* MetadataEngine.swift */,
				E2BA0E742EBD09DA00DF20D9 /* README.md */,
			);
			path = MetadataEngine;
			sourceTree = "<group>";
		};
		E2BA0E782EBD09E400DF20D9 /* API */ = {
			isa = PBXGroup;
			children = (
			);
			path = API;
			sourceTree = "<group>";
		};
		E2BA0E792EBD09E400DF20D9 /* Examples */ = {
			isa = PBXGroup;
			children = (
			);
			path = Examples;
			sourceTree = "<group>";
		};
		E2BA0E7A2EBD09E400DF20D9 /* Runtime */ = {
			isa = PBXGroup;
			children = (
			);
			path = Runtime;
			sourceTree = "<group>";
		};
		E2BA0E7B2EBD09E400DF20D9 /* Sandbox */ = {
			isa = PBXGroup;
			children = (
			);
			path = Sandbox;
			sourceTree = "<group>";
		};
		E2BA0E7E2EBD09E400DF20D9 /* PluginSystem */ = {
			isa = PBXGroup;
			children = (
				E2BA0E782EBD09E400DF20D9 /* API */,
				E2BA0E792EBD09E400DF20D9 /* Examples */,
				E2BA0E7A2EBD09E400DF20D9 /* Runtime */,
				E2BA0E7B2EBD09E400DF20D9 /* Sandbox */,
				E2BA0E7C2EBD09E400DF20D9 /* PluginSystem.swift */,
				E2BA0E7D2EBD09E400DF20D9 /* README.md */,
			);
			path = PluginSystem;
			sourceTree = "<group>";
		};
		E2BA0E812EBD09F300DF20D9 /* Library */ = {
			isa = PBXGroup;
			children = (
			);
			path = Library;
			sourceTree = "<group>";
		};
		E2BA0E822EBD09F300DF20D9 /* NowPlaying */ = {
			isa = PBXGroup;
			children = (
			);
			path = NowPlaying;
			sourceTree = "<group>";
		};
		E2BA0E832EBD09F300DF20D9 /* Playlists */ = {
			isa = PBXGroup;
			children = (
			);
			path = Playlists;
			sourceTree = "<group>";
		};
		E2BA0E852EBD09F300DF20D9 /* Settings */ = {
			isa = PBXGroup;
			children = (
				E2BA0E842EBD09F300DF20D9 /* ModuleVersionConflictView.swift */,
			);
			path = Settings;
			sourceTree = "<group>";
		};
		E2BA0E862EBD09F300DF20D9 /* Visualizer */ = {
			isa = PBXGroup;
			children = (
			);
			path = Visualizer;
			sourceTree = "<group>";
		};
		E2BA0E8A2EBD09F300DF20D9 /* UI */ = {
			isa = PBXGroup;
			children = (
				E2BA0E812EBD09F300DF20D9 /* Library */,
				E2BA0E822EBD09F300DF20D9 /* NowPlaying */,
				E2BA0E832EBD09F300DF20D9 /* Playlists */,
				E2BA0E852EBD09F300DF20D9 /* Settings */,
				E2BA0E862EBD09F300DF20D9 /* Visualizer */,
				E2BA0E872EBD09F300DF20D9 /* AudientiaApp.swift */,
				E2BA0E882EBD09F300DF20D9 /* ContentView.swift */,
				E2BA0E892EBD09F300DF20D9 /* README.md */,
			);
			path = UI;
			sourceTree = "<group>";
		};
/* End PBXGroup section */

/* Begin PBXHeadersBuildPhase section */
		5524D012C38AD681F98F6080 /* Headers */ = {
			isa = PBXHeadersBuildPhase;
			files = (
			);
		};
		688875EEFA5A8E404BC04A83 /* Headers */ = {
			isa = PBXHeadersBuildPhase;
			files = (
			);
		};
		71BFDE763959573C08412427 /* Headers */ = {
			isa = PBXHeadersBuildPhase;
			files = (
			);
		};
		787F6929B335BD90587DEF3A /* Headers */ = {
			isa = PBXHeadersBuildPhase;
			files = (
			);
		};
		97198D730FD62E4B8079ED8A /* Headers */ = {
			isa = PBXHeadersBuildPhase;
			files = (
			);
		};
		E3BB88C4B52DC5F1ADAFF067 /* Headers */ = {
			isa = PBXHeadersBuildPhase;
			files = (
			);
		};
/* End PBXHeadersBuildPhase section */

/* Begin PBXNativeTarget section */
		1AAD8BCB3F8F53717E8EFFCF /* PluginSystem */ = {
			isa = PBXNativeTarget;
			buildConfigurationList = C2398F8D6BF9E5D12D65BBFD /* Build configuration list for PBXNativeTarget "PluginSystem" */;
			buildPhases = (
				E3BB88C4B52DC5F1ADAFF067 /* Headers */,
				A5CEFB99AD5C56110338D5C3 /* Sources */,
				E3D5022B2813FC04CD8A804C /* Frameworks */,
				F496CA3E0EBED81FF0924CBB /* Resources */,
			);
			buildRules = (
			);
			dependencies = (
				4D39E4F66D2EE850A6AA1109 /* PBXTargetDependency */,
			);
			name = PluginSystem;
			productName = PluginSystem;
			productReference = 18F38166DD2A3099E8FE0858 /* PluginSystem.framework */;
			productType = "com.apple.product-type.framework";
		};
		230C4FDFB1206360A656A583 /* AppKitBridge */ = {
			isa = PBXNativeTarget;
			buildConfigurationList = D20025DA7DD3BB3C82D311AF /* Build configuration list for PBXNativeTarget "AppKitBridge" */;
			buildPhases = (
				5524D012C38AD681F98F6080 /* Headers */,
				B2AAF630772BF283580DE9A6 /* Sources */,
				89A73800997F70D4D189322F /* Frameworks */,
				EEB1A24490595F2D366FA894 /* Resources */,
			);
			buildRules = (
			);
			dependencies = (
				E0B3A62DB9D95E8FE98A206F /* PBXTargetDependency */,
			);
			name = AppKitBridge;
			productName = AppKitBridge;
			productReference = F562DA36ACAEFB3C6500B95A /* AppKitBridge.framework */;
			productType = "com.apple.product-type.framework";
		};
		33715E2C16AF3CB3145F128E /* MetadataEngine */ = {
			isa = PBXNativeTarget;
			buildConfigurationList = 660F564E27E6677AFC7387E8 /* Build configuration list for PBXNativeTarget "MetadataEngine" */;
			buildPhases = (
				688875EEFA5A8E404BC04A83 /* Headers */,
				B8097366C7F94C5D5FCF7EED /* Sources */,
				03E82AD030BFE77D0B1FCA8D /* Frameworks */,
				7513310099FB790F1782D76F /* Resources */,
			);
			buildRules = (
			);
			dependencies = (
				7E90B0BEEA5FC3E5708317E6 /* PBXTargetDependency */,
			);
			name = MetadataEngine;
			productName = MetadataEngine;
			productReference = CED2D4430BA1E3E049474797 /* MetadataEngine.framework */;
			productType = "com.apple.product-type.framework";
		};
		4E0DF1D8578E8858DB4F5A3D /* AudioCore */ = {
			isa = PBXNativeTarget;
			buildConfigurationList = C5732A8E38EF6A3D5D5D421F /* Build configuration list for PBXNativeTarget "AudioCore" */;
			buildPhases = (
				97198D730FD62E4B8079ED8A /* Headers */,
				7E2F0EDE3A7E183816F78AAB /* Sources */,
				CE31C6CCB6856BA780C75B59 /* Frameworks */,
				AA6ED24A23162D468C98112A /* Resources */,
			);
			buildRules = (
			);
			dependencies = (
				019C881BE02659524440EF53 /* PBXTargetDependency */,
			);
			name = AudioCore;
			productName = AudioCore;
			productReference = B56E76AE54B417BEB40A73B1 /* AudioCore.framework */;
			productType = "com.apple.product-type.framework";
		};
		8F690B7F5AD95FE4E5A4C80E /* Shared */ = {
			isa = PBXNativeTarget;
			buildConfigurationList = 6D024C2BE72B4D00B07096A9 /* Build configuration list for PBXNativeTarget "Shared" */;
			buildPhases = (
				787F6929B335BD90587DEF3A /* Headers */,
				555BC12CACF0E427026ABD28 /* Sources */,
				51054654C9E3731DDD6F0C9E /* Frameworks */,
				816B80F8488ED57D04392460 /* Resources */,
			);
			buildRules = (
			);
			name = Shared;
			productName = Shared;
			productReference = F0FB725E4BA59018898B62D0 /* Shared.framework */;
			productType = "com.apple.product-type.framework";
		};
		BA9DB7C0D07A396094697921 /* Audientia */ = {
			isa = PBXNativeTarget;
			buildConfigurationList = 8C29BB966C841C8BC43A1B71 /* Build configuration list for PBXNativeTarget "Audientia" */;
			buildPhases = (
				A3E1A0E1695F0E33CEC909D9 /* Sources */,
				ED36E4EC51957F96B9D44CCC /* Frameworks */,
				169FC2B972D5089AFE2B76AC /* Resources */,
			);
			buildRules = (
			);
			dependencies = (
				85FE9DC8D67AB11BDC04A904 /* PBXTargetDependency */,
				3A7C4A44E6BD00AC48B99AF3 /* PBXTargetDependency */,
				20BA2A28469D68DA53E681DF /* PBXTargetDependency */,
				E5AD3B84FAFFD64DD297547E /* PBXTargetDependency */,
				D08B204800FC7F0DF004C4B9 /* PBXTargetDependency */,
				40DA26283D78AC4E6FA39BD7 /* PBXTargetDependency */,
			);
			name = Audientia;
			productName = Audientia;
			productReference = D067F44B91574AA9124948D5 /* Audientia.app */;
			productType = "com.apple.product-type.application";
		};
		CBD6638495A240EA670067B2 /* SharedTests */ = {
			isa = PBXNativeTarget;
			buildConfigurationList = 17C82C4B2E0359A6BC6BF301 /* Build configuration list for PBXNativeTarget "SharedTests" */;
			buildPhases = (
				99800421886D4423B9487958 /* Sources */,
				10D1F1E91854514757E4558B /* Frameworks */,
				502FB8460B5894E52B61628B /* Resources */,
			);
			buildRules = (
			);
			dependencies = (
				15F1E92634841C826D4F9A10 /* PBXTargetDependency */,
			);
			name = SharedTests;
			productName = SharedTests;
			productReference = BCC366B4B1252D3A95E57B4B /* SharedTests.xctest */;
			productType = "com.apple.product-type.bundle.unit-test";
		};
		EB0306C92F4BF00DD2F84FB0 /* DataLayer */ = {
			isa = PBXNativeTarget;
			buildConfigurationList = 16C4F25F24F7F3D5CF6010D0 /* Build configuration list for PBXNativeTarget "DataLayer" */;
			buildPhases = (
				71BFDE763959573C08412427 /* Headers */,
				54E7B8D12F7FA3EEA93DAB00 /* Sources */,
				62A7E6E337087A55C70D34D5 /* Frameworks */,
				720B31C0F3F8742EC34BA4C3 /* Resources */,
			);
			buildRules = (
			);
			dependencies = (
				AAEF055B88CC7DF500F33C07 /* PBXTargetDependency */,
			);
			name = DataLayer;
			productName = DataLayer;
			productReference = 9B1DDC925F9F1E5E4E088892 /* DataLayer.framework */;
			productType = "com.apple.product-type.framework";
		};
/* End PBXNativeTarget section */

/* Begin PBXProject section */
		C2C3DCF2EF2BC8483228CBB5 /* Project object */ = {
			isa = PBXProject;
			attributes = {
				LastSwiftUpdateCheck = 1600;
				LastUpgradeCheck = 1600;
			};
			buildConfigurationList = B356237CCD497EEF557B43F0 /* Build configuration list for PBXProject "Audientia" */;
			developmentRegion = en;
			hasScannedForEncodings = 0;
			knownRegions = (
				en,
				Base,
			);
			mainGroup = 1D09847F19EDDC858AA5261C;
			preferredProjectObjectVersion = 90;
			productRefGroup = 4A0FFB915B2DF699BE924071 /* Products */;
			projectDirPath = "";
			projectRoot = "";
			targets = (
				BA9DB7C0D07A396094697921 /* Audientia */,
				8F690B7F5AD95FE4E5A4C80E /* Shared */,
				230C4FDFB1206360A656A583 /* AppKitBridge */,
				4E0DF1D8578E8858DB4F5A3D /* AudioCore */,
				EB0306C92F4BF00DD2F84FB0 /* DataLayer */,
				33715E2C16AF3CB3145F128E /* MetadataEngine */,
				1AAD8BCB3F8F53717E8EFFCF /* PluginSystem */,
				CBD6638495A240EA670067B2 /* SharedTests */,
			);
		};
/* End PBXProject section */

/* Begin PBXResourcesBuildPhase section */
		169FC2B972D5089AFE2B76AC /* Resources */ = {
			isa = PBXResourcesBuildPhase;
			files = (
				E2BA0DFF2EBD078400DF20D9 /* Assets.xcassets in Resources */,
				E2BA0E1F2EBD081100DF20D9 /* project.yml in Resources */,
				E2BA0E202EBD081100DF20D9 /* README.md in Resources */,
			);
		};
		502FB8460B5894E52B61628B /* Resources */ = {
			isa = PBXResourcesBuildPhase;
			files = (
			);
		};
		720B31C0F3F8742EC34BA4C3 /* Resources */ = {
			isa = PBXResourcesBuildPhase;
			files = (
				E2BA0E6E2EBD09D200DF20D9 /* README.md in Resources */,
			);
		};
		7513310099FB790F1782D76F /* Resources */ = {
			isa = PBXResourcesBuildPhase;
			files = (
				E2BA0E772EBD09DA00DF20D9 /* README.md in Resources */,
			);
		};
		816B80F8488ED57D04392460 /* Resources */ = {
			isa = PBXResourcesBuildPhase;
			files = (
				E2BA0E3A2EBD093600DF20D9 /* README.md in Resources */,
			);
		};
		AA6ED24A23162D468C98112A /* Resources */ = {
			isa = PBXResourcesBuildPhase;
			files = (
				E2BA0E672EBD09C700DF20D9 /* README.md in Resources */,
			);
		};
		EEB1A24490595F2D366FA894 /* Resources */ = {
			isa = PBXResourcesBuildPhase;
			files = (
				E2BA0E422EBD096F00DF20D9 /* README.md in Resources */,
			);
		};
		F496CA3E0EBED81FF0924CBB /* Resources */ = {
			isa = PBXResourcesBuildPhase;
			files = (
				E2BA0E7F2EBD09E400DF20D9 /* README.md in Resources */,
			);
		};
/* End PBXResourcesBuildPhase section */

/* Begin PBXSourcesBuildPhase section */
		54E7B8D12F7FA3EEA93DAB00 /* Sources */ = {
			isa = PBXSourcesBuildPhase;
			files = (
				E2BA0E6F2EBD09D200DF20D9 /* DataLayer.swift in Sources */,
			);
		};
		555BC12CACF0E427026ABD28 /* Sources */ = {
			isa = PBXSourcesBuildPhase;
			files = (
				E2BA0E312EBD093600DF20D9 /* Track.swift in Sources */,
				E2BA0E322EBD093600DF20D9 /* Album.swift in Sources */,
				E2BA0E332EBD093600DF20D9 /* VersionManager.swift in Sources */,
				E2BA0E342EBD093600DF20D9 /* AutoVersionUpdate.swift in Sources */,
				E2BA0E352EBD093600DF20D9 /* Playlist.swift in Sources */,
				E2BA0E362EBD093600DF20D9 /* AppSettings.swift in Sources */,
				E2BA0E372EBD093600DF20D9 /* Artist.swift in Sources */,
				E2BA0E382EBD093600DF20D9 /* ModuleVersionManager.swift in Sources */,
				E2BA0E392EBD093600DF20D9 /* Logger.swift in Sources */,
			);
		};
		7E2F0EDE3A7E183816F78AAB /* Sources */ = {
			isa = PBXSourcesBuildPhase;
			files = (
				E2BA0E662EBD09C700DF20D9 /* AudioCore.swift in Sources */,
			);
		};
		99800421886D4423B9487958 /* Sources */ = {
			isa = PBXSourcesBuildPhase;
			files = (
				E2BA0DF52EBD076E00DF20D9 /* TestFixtures.swift in Sources */,
				E2BA0DF62EBD076E00DF20D9 /* MockFactories.swift in Sources */,
				E2BA0DF72EBD076E00DF20D9 /* TrackTests.swift in Sources */,
				E2BA0DF82EBD076E00DF20D9 /* ArtistTests.swift in Sources */,
				E2BA0DF92EBD076E00DF20D9 /* PlaylistTests.swift in Sources */,
				E2BA0DFA2EBD076E00DF20D9 /* AlbumTests.swift in Sources */,
			);
		};
		A3E1A0E1695F0E33CEC909D9 /* Sources */ = {
			isa = PBXSourcesBuildPhase;
			files = (
				E2BA0E8B2EBD0AC100DF20D9 /* ModuleVersionConflictView.swift in Sources */,
				E2BA0E8C2EBD0AC100DF20D9 /* ContentView.swift in Sources */,
				E2BA0E8D2EBD0AC100DF20D9 /* AudientiaApp.swift in Sources */,
			);
		};
		A5CEFB99AD5C56110338D5C3 /* Sources */ = {
			isa = PBXSourcesBuildPhase;
			files = (
				E2BA0E802EBD09E400DF20D9 /* PluginSystem.swift in Sources */,
			);
		};
		B2AAF630772BF283580DE9A6 /* Sources */ = {
			isa = PBXSourcesBuildPhase;
			files = (
				E2BA0E432EBD096F00DF20D9 /* AppKitBridge.swift in Sources */,
			);
		};
		B8097366C7F94C5D5FCF7EED /* Sources */ = {
			isa = PBXSourcesBuildPhase;
			files = (
				E2BA0E762EBD09DA00DF20D9 /* MetadataEngine.swift in Sources */,
			);
		};
/* End PBXSourcesBuildPhase section */

/* Begin PBXTargetDependency section */
		019C881BE02659524440EF53 /* PBXTargetDependency */ = {
			isa = PBXTargetDependency;
			name = Shared;
			target = 8F690B7F5AD95FE4E5A4C80E /* Shared */;
			targetProxy = 2DD05405463B2E568507A978 /* PBXContainerItemProxy */;
		};
		15F1E92634841C826D4F9A10 /* PBXTargetDependency */ = {
			isa = PBXTargetDependency;
			name = Shared;
			target = 8F690B7F5AD95FE4E5A4C80E /* Shared */;
			targetProxy = 560691D5F36F36B449267E8D /* PBXContainerItemProxy */;
		};
		20BA2A28469D68DA53E681DF /* PBXTargetDependency */ = {
			isa = PBXTargetDependency;
			name = AudioCore;
			target = 4E0DF1D8578E8858DB4F5A3D /* AudioCore */;
			targetProxy = CC98E0F06435D123F8E37160 /* PBXContainerItemProxy */;
		};
		3A7C4A44E6BD00AC48B99AF3 /* PBXTargetDependency */ = {
			isa = PBXTargetDependency;
			name = AppKitBridge;
			target = 230C4FDFB1206360A656A583 /* AppKitBridge */;
			targetProxy = E01A2CF4AA8620D209062C71 /* PBXContainerItemProxy */;
		};
		40DA26283D78AC4E6FA39BD7 /* PBXTargetDependency */ = {
			isa = PBXTargetDependency;
			name = PluginSystem;
			target = 1AAD8BCB3F8F53717E8EFFCF /* PluginSystem */;
			targetProxy = 77E10681A82196189A2D3FDB /* PBXContainerItemProxy */;
		};
		4D39E4F66D2EE850A6AA1109 /* PBXTargetDependency */ = {
			isa = PBXTargetDependency;
			name = Shared;
			target = 8F690B7F5AD95FE4E5A4C80E /* Shared */;
			targetProxy = 816576A7549FD32DF9512FF9 /* PBXContainerItemProxy */;
		};
		7E90B0BEEA5FC3E5708317E6 /* PBXTargetDependency */ = {
			isa = PBXTargetDependency;
			name = Shared;
			target = 8F690B7F5AD95FE4E5A4C80E /* Shared */;
			targetProxy = 5002D5DEFF686A80D83C7F19 /* PBXContainerItemProxy */;
		};
		85FE9DC8D67AB11BDC04A904 /* PBXTargetDependency */ = {
			isa = PBXTargetDependency;
			name = Shared;
			target = 8F690B7F5AD95FE4E5A4C80E /* Shared */;
			targetProxy = DDB142E3C1834675980FBC38 /* PBXContainerItemProxy */;
		};
		AAEF055B88CC7DF500F33C07 /* PBXTargetDependency */ = {
			isa = PBXTargetDependency;
			name = Shared;
			target = 8F690B7F5AD95FE4E5A4C80E /* Shared */;
			targetProxy = 1E781E9E40331B14C0696AAE /* PBXContainerItemProxy */;
		};
		D08B204800FC7F0DF004C4B9 /* PBXTargetDependency */ = {
			isa = PBXTargetDependency;
			name = MetadataEngine;
			target = 33715E2C16AF3CB3145F128E /* MetadataEngine */;
			targetProxy = C25EC00423676E8EBDE7D14E /* PBXContainerItemProxy */;
		};
		E0B3A62DB9D95E8FE98A206F /* PBXTargetDependency */ = {
			isa = PBXTargetDependency;
			name = Shared;
			target = 8F690B7F5AD95FE4E5A4C80E /* Shared */;
			targetProxy = D4DA7CEF2008370D9C7F6A90 /* PBXContainerItemProxy */;
		};
		E5AD3B84FAFFD64DD297547E /* PBXTargetDependency */ = {
			isa = PBXTargetDependency;
			name = DataLayer;
			target = EB0306C92F4BF00DD2F84FB0 /* DataLayer */;
			targetProxy = FD25E4662DF50FAC09547B14 /* PBXContainerItemProxy */;
		};
/* End PBXTargetDependency section */

/* Begin XCBuildConfiguration section */
		0BF869B0880C4EB73192A9BE /* Debug configuration for PBXProject "Audientia" */ = {
			isa = XCBuildConfiguration;
			buildSettings = {
				ALWAYS_SEARCH_USER_PATHS = NO;
				ASSETCATALOG_COMPILER_GENERATE_SWIFT_ASSET_SYMBOLS_EXTENSIONS = YES;
				CLANG_ANALYZER_NONNULL = YES;
				CLANG_ANALYZER_NUMBER_OBJECT_CONVERSION = YES_AGGRESSIVE;
				CLANG_CXX_LANGUAGE_STANDARD = "gnu++14";
				CLANG_CXX_LIBRARY = "libc++";
				CLANG_ENABLE_MODULES = YES;
				CLANG_ENABLE_OBJC_ARC = YES;
				CLANG_ENABLE_OBJC_WEAK = YES;
				CLANG_WARN_BLOCK_CAPTURE_AUTORELEASING = YES;
				CLANG_WARN_BOOL_CONVERSION = YES;
				CLANG_WARN_COMMA = YES;
				CLANG_WARN_CONSTANT_CONVERSION = YES;
				CLANG_WARN_DEPRECATED_OBJC_IMPLEMENTATIONS = YES;
				CLANG_WARN_DIRECT_OBJC_ISA_USAGE = YES_ERROR;
				CLANG_WARN_DOCUMENTATION_COMMENTS = YES;
				CLANG_WARN_EMPTY_BODY = YES;
				CLANG_WARN_ENUM_CONVERSION = YES;
				CLANG_WARN_INFINITE_RECURSION = YES;
				CLANG_WARN_INT_CONVERSION = YES;
				CLANG_WARN_NON_LITERAL_NULL_CONVERSION = YES;
				CLANG_WARN_OBJC_IMPLICIT_RETAIN_SELF = YES;
				CLANG_WARN_OBJC_LITERAL_CONVERSION = YES;
				CLANG_WARN_OBJC_ROOT_CLASS = YES_ERROR;
				CLANG_WARN_QUOTED_INCLUDE_IN_FRAMEWORK_HEADER = YES;
				CLANG_WARN_RANGE_LOOP_ANALYSIS = YES;
				CLANG_WARN_STRICT_PROTOTYPES = YES;
				CLANG_WARN_SUSPICIOUS_MOVE = YES;
				CLANG_WARN_UNGUARDED_AVAILABILITY = YES_AGGRESSIVE;
				CLANG_WARN_UNREACHABLE_CODE = YES;
				CLANG_WARN__DUPLICATE_METHOD_MATCH = YES;
				CODE_SIGNING_ALLOWED = NO;
				CODE_SIGNING_REQUIRED = NO;
				CODE_SIGN_IDENTITY = "";
				COPY_PHASE_STRIP = NO;
				CURRENT_PROJECT_VERSION = 1;
				DEAD_CODE_STRIPPING = YES;
				DEBUG_INFORMATION_FORMAT = dwarf;
				ENABLE_STRICT_OBJC_MSGSEND = YES;
				ENABLE_TESTABILITY = YES;
				GCC_C_LANGUAGE_STANDARD = gnu11;
				GCC_DYNAMIC_NO_PIC = NO;
				GCC_NO_COMMON_BLOCKS = YES;
				GCC_OPTIMIZATION_LEVEL = 0;
				GCC_PREPROCESSOR_DEFINITIONS = (
					"DEBUG=1",
					"$(inherited)",
				);
				GCC_WARN_64_TO_32_BIT_CONVERSION = YES;
				GCC_WARN_ABOUT_RETURN_TYPE = YES_ERROR;
				GCC_WARN_UNDECLARED_SELECTOR = YES;
				GCC_WARN_UNINITIALIZED_AUTOS = YES_AGGRESSIVE;
				GCC_WARN_UNUSED_FUNCTION = YES;
				GCC_WARN_UNUSED_VARIABLE = YES;
				MACOSX_DEPLOYMENT_TARGET = 15.0;
				MARKETING_VERSION = 2025.01.0001;
				MTL_ENABLE_DEBUG_INFO = INCLUDE_SOURCE;
				MTL_FAST_MATH = YES;
				ONLY_ACTIVE_ARCH = YES;
				PRODUCT_BUNDLE_IDENTIFIER = club.cycleruncode.audientia;
				PRODUCT_NAME = "$(TARGET_NAME)";
				SWIFT_ACTIVE_COMPILATION_CONDITIONS = DEBUG;
				SWIFT_OPTIMIZATION_LEVEL = "-Onone";
				SWIFT_VERSION = 5.9;
			};
			name = Debug;
		};
		0FD3DA7642C40F8C46359A9E /* Debug configuration for PBXNativeTarget "PluginSystem" */ = {
			isa = XCBuildConfiguration;
			buildSettings = {
				CLANG_ENABLE_MODULES = YES;
				CODE_SIGNING_REQUIRED = NO;
				CODE_SIGN_IDENTITY = "";
				COMBINE_HIDPI_IMAGES = YES;
				CURRENT_PROJECT_VERSION = 1;
				DEAD_CODE_STRIPPING = YES;
				DEFINES_MODULE = NO;
				DYLIB_COMPATIBILITY_VERSION = 1;
				DYLIB_CURRENT_VERSION = 1;
				DYLIB_INSTALL_NAME_BASE = "@rpath";
				GENERATE_INFOPLIST_FILE = YES;
				INFOPLIST_KEY_CFBundleName = PluginSystem;
				INFOPLIST_KEY_NSHumanReadableCopyright = "Copyright © 2025 CycleRunCode Club. All rights reserved.";
				INSTALL_PATH = "$(LOCAL_LIBRARY_DIR)/Frameworks";
				LD_RUNPATH_SEARCH_PATHS = (
					"$(inherited)",
					"@executable_path/../Frameworks",
					"@loader_path/Frameworks",
				);
				MACOSX_DEPLOYMENT_TARGET = 15.0;
				MODULEMAP_FILE = "";
				PRODUCT_BUNDLE_IDENTIFIER = club.cycleruncode.PluginSystem;
				PRODUCT_NAME = "$(TARGET_NAME:c99extidentifier)";
				SDKROOT = macosx;
				SKIP_INSTALL = YES;
				SWIFT_INSTALL_OBJC_HEADER = NO;
				SWIFT_VERSION = 5.9;
				VERSIONING_SYSTEM = "apple-generic";
				VERSION_INFO_PREFIX = "";
			};
			name = Debug;
		};
		1FE1C52A07316057C829FCEE /* Release configuration for PBXNativeTarget "AppKitBridge" */ = {
			isa = XCBuildConfiguration;
			buildSettings = {
				CLANG_ENABLE_MODULES = YES;
				CODE_SIGNING_REQUIRED = NO;
				CODE_SIGN_IDENTITY = "";
				COMBINE_HIDPI_IMAGES = YES;
				CURRENT_PROJECT_VERSION = 1;
				DEAD_CODE_STRIPPING = YES;
				DEFINES_MODULE = NO;
				DYLIB_COMPATIBILITY_VERSION = 1;
				DYLIB_CURRENT_VERSION = 1;
				DYLIB_INSTALL_NAME_BASE = "@rpath";
				GENERATE_INFOPLIST_FILE = YES;
				INFOPLIST_KEY_CFBundleName = AppKitBridge;
				INFOPLIST_KEY_NSHumanReadableCopyright = "Copyright © 2025 CycleRunCode Club. All rights reserved.";
				INSTALL_PATH = "$(LOCAL_LIBRARY_DIR)/Frameworks";
				LD_RUNPATH_SEARCH_PATHS = (
					"$(inherited)",
					"@executable_path/../Frameworks",
					"@loader_path/Frameworks",
				);
				MACOSX_DEPLOYMENT_TARGET = 15.0;
				MODULEMAP_FILE = "";
				PRODUCT_BUNDLE_IDENTIFIER = club.cycleruncode.AppKitBridge;
				PRODUCT_NAME = "$(TARGET_NAME:c99extidentifier)";
				SDKROOT = macosx;
				SKIP_INSTALL = YES;
				SWIFT_INSTALL_OBJC_HEADER = NO;
				SWIFT_VERSION = 5.9;
				VERSIONING_SYSTEM = "apple-generic";
				VERSION_INFO_PREFIX = "";
			};
			name = Release;
		};
		27E804AA3951B5A2A4AA8B8D /* Debug configuration for PBXNativeTarget "Shared" */ = {
			isa = XCBuildConfiguration;
			buildSettings = {
				CLANG_ENABLE_MODULES = YES;
				CODE_SIGNING_REQUIRED = NO;
				CODE_SIGN_IDENTITY = "";
				COMBINE_HIDPI_IMAGES = YES;
				CURRENT_PROJECT_VERSION = 1;
				DEAD_CODE_STRIPPING = YES;
				DEFINES_MODULE = NO;
				DYLIB_COMPATIBILITY_VERSION = 1;
				DYLIB_CURRENT_VERSION = 1;
				DYLIB_INSTALL_NAME_BASE = "@rpath";
				GENERATE_INFOPLIST_FILE = YES;
				INFOPLIST_KEY_CFBundleName = Shared;
				INFOPLIST_KEY_NSHumanReadableCopyright = "Copyright © 2025 CycleRunCode Club. All rights reserved.";
				INSTALL_PATH = "$(LOCAL_LIBRARY_DIR)/Frameworks";
				LD_RUNPATH_SEARCH_PATHS = (
					"$(inherited)",
					"@executable_path/../Frameworks",
					"@loader_path/Frameworks",
				);
				MACOSX_DEPLOYMENT_TARGET = 15.0;
				MODULEMAP_FILE = "";
				PRODUCT_BUNDLE_IDENTIFIER = club.cycleruncode.Shared;
				PRODUCT_NAME = "$(TARGET_NAME:c99extidentifier)";
				SDKROOT = macosx;
				SKIP_INSTALL = YES;
				SWIFT_INSTALL_OBJC_HEADER = NO;
				SWIFT_VERSION = 5.9;
				VERSIONING_SYSTEM = "apple-generic";
				VERSION_INFO_PREFIX = "";
			};
			name = Debug;
		};
		37B3DFC57C62B0252C1FF110 /* Debug configuration for PBXNativeTarget "AppKitBridge" */ = {
			isa = XCBuildConfiguration;
			buildSettings = {
				CLANG_ENABLE_MODULES = YES;
				CODE_SIGNING_REQUIRED = NO;
				CODE_SIGN_IDENTITY = "";
				COMBINE_HIDPI_IMAGES = YES;
				CURRENT_PROJECT_VERSION = 1;
				DEAD_CODE_STRIPPING = YES;
				DEFINES_MODULE = NO;
				DYLIB_COMPATIBILITY_VERSION = 1;
				DYLIB_CURRENT_VERSION = 1;
				DYLIB_INSTALL_NAME_BASE = "@rpath";
				GENERATE_INFOPLIST_FILE = YES;
				INFOPLIST_KEY_CFBundleName = AppKitBridge;
				INFOPLIST_KEY_NSHumanReadableCopyright = "Copyright © 2025 CycleRunCode Club. All rights reserved.";
				INSTALL_PATH = "$(LOCAL_LIBRARY_DIR)/Frameworks";
				LD_RUNPATH_SEARCH_PATHS = (
					"$(inherited)",
					"@executable_path/../Frameworks",
					"@loader_path/Frameworks",
				);
				MACOSX_DEPLOYMENT_TARGET = 15.0;
				MODULEMAP_FILE = "";
				PRODUCT_BUNDLE_IDENTIFIER = club.cycleruncode.AppKitBridge;
				PRODUCT_NAME = "$(TARGET_NAME:c99extidentifier)";
				SDKROOT = macosx;
				SKIP_INSTALL = YES;
				SWIFT_INSTALL_OBJC_HEADER = NO;
				SWIFT_VERSION = 5.9;
				VERSIONING_SYSTEM = "apple-generic";
				VERSION_INFO_PREFIX = "";
			};
			name = Debug;
		};
		38634AD6A031C4FEA9EC0AAC /* Debug configuration for PBXNativeTarget "AudioCore" */ = {
			isa = XCBuildConfiguration;
			buildSettings = {
				CLANG_ENABLE_MODULES = YES;
				CODE_SIGNING_REQUIRED = NO;
				CODE_SIGN_IDENTITY = "";
				COMBINE_HIDPI_IMAGES = YES;
				CURRENT_PROJECT_VERSION = 1;
				DEAD_CODE_STRIPPING = YES;
				DEFINES_MODULE = NO;
				DYLIB_COMPATIBILITY_VERSION = 1;
				DYLIB_CURRENT_VERSION = 1;
				DYLIB_INSTALL_NAME_BASE = "@rpath";
				GENERATE_INFOPLIST_FILE = YES;
				INFOPLIST_KEY_CFBundleName = AudioCore;
				INFOPLIST_KEY_NSHumanReadableCopyright = "Copyright © 2025 CycleRunCode Club. All rights reserved.";
				INSTALL_PATH = "$(LOCAL_LIBRARY_DIR)/Frameworks";
				LD_RUNPATH_SEARCH_PATHS = (
					"$(inherited)",
					"@executable_path/../Frameworks",
					"@loader_path/Frameworks",
				);
				MACOSX_DEPLOYMENT_TARGET = 15.0;
				MODULEMAP_FILE = "";
				PRODUCT_BUNDLE_IDENTIFIER = club.cycleruncode.AudioCore;
				PRODUCT_NAME = "$(TARGET_NAME:c99extidentifier)";
				SDKROOT = macosx;
				SKIP_INSTALL = YES;
				SWIFT_INSTALL_OBJC_HEADER = NO;
				SWIFT_VERSION = 5.9;
				VERSIONING_SYSTEM = "apple-generic";
				VERSION_INFO_PREFIX = "";
			};
			name = Debug;
		};
		3A0B38EA4410247D51D3CD56 /* Debug configuration for PBXNativeTarget "Audientia" */ = {
			isa = XCBuildConfiguration;
			buildSettings = {
				ASSETCATALOG_COMPILER_APPICON_NAME = AppIcon;
				ASSETCATALOG_COMPILER_GLOBAL_ACCENT_COLOR_NAME = AccentColor;
				CODE_SIGNING_ALLOWED = NO;
				CODE_SIGNING_REQUIRED = NO;
				CODE_SIGN_IDENTITY = "";
				COMBINE_HIDPI_IMAGES = YES;
				DEVELOPMENT_TEAM = "";
				ENABLE_APP_SANDBOX = NO;
				ENABLE_HARDENED_RUNTIME = NO;
				GENERATE_INFOPLIST_FILE = NO;
				INFOPLIST_FILE = Configuration/Info.plist;
				LD_RUNPATH_SEARCH_PATHS = (
					"$(inherited)",
					"@executable_path/../Frameworks",
				);
				MACOSX_DEPLOYMENT_TARGET = 15.0;
				PRODUCT_BUNDLE_IDENTIFIER = club.cycleruncode.audientia;
				SDKROOT = macosx;
				SUPPORTED_PLATFORMS = macosx;
				SWIFT_VERSION = 5.9;
			};
			name = Debug;
		};
		42CA668C42A40FD36BF6C3B5 /* Release configuration for PBXNativeTarget "PluginSystem" */ = {
			isa = XCBuildConfiguration;
			buildSettings = {
				CLANG_ENABLE_MODULES = YES;
				CODE_SIGNING_REQUIRED = NO;
				CODE_SIGN_IDENTITY = "";
				COMBINE_HIDPI_IMAGES = YES;
				CURRENT_PROJECT_VERSION = 1;
				DEAD_CODE_STRIPPING = YES;
				DEFINES_MODULE = NO;
				DYLIB_COMPATIBILITY_VERSION = 1;
				DYLIB_CURRENT_VERSION = 1;
				DYLIB_INSTALL_NAME_BASE = "@rpath";
				GENERATE_INFOPLIST_FILE = YES;
				INFOPLIST_KEY_CFBundleName = PluginSystem;
				INFOPLIST_KEY_NSHumanReadableCopyright = "Copyright © 2025 CycleRunCode Club. All rights reserved.";
				INSTALL_PATH = "$(LOCAL_LIBRARY_DIR)/Frameworks";
				LD_RUNPATH_SEARCH_PATHS = (
					"$(inherited)",
					"@executable_path/../Frameworks",
					"@loader_path/Frameworks",
				);
				MACOSX_DEPLOYMENT_TARGET = 15.0;
				MODULEMAP_FILE = "";
				PRODUCT_BUNDLE_IDENTIFIER = club.cycleruncode.PluginSystem;
				PRODUCT_NAME = "$(TARGET_NAME:c99extidentifier)";
				SDKROOT = macosx;
				SKIP_INSTALL = YES;
				SWIFT_INSTALL_OBJC_HEADER = NO;
				SWIFT_VERSION = 5.9;
				VERSIONING_SYSTEM = "apple-generic";
				VERSION_INFO_PREFIX = "";
			};
			name = Release;
		};
		71B2117639CD624E3865311D /* Release configuration for PBXNativeTarget "DataLayer" */ = {
			isa = XCBuildConfiguration;
			buildSettings = {
				CLANG_ENABLE_MODULES = YES;
				CODE_SIGNING_REQUIRED = NO;
				CODE_SIGN_IDENTITY = "";
				COMBINE_HIDPI_IMAGES = YES;
				CURRENT_PROJECT_VERSION = 1;
				DEAD_CODE_STRIPPING = YES;
				DEFINES_MODULE = NO;
				DYLIB_COMPATIBILITY_VERSION = 1;
				DYLIB_CURRENT_VERSION = 1;
				DYLIB_INSTALL_NAME_BASE = "@rpath";
				GENERATE_INFOPLIST_FILE = YES;
				INFOPLIST_KEY_CFBundleName = DataLayer;
				INFOPLIST_KEY_NSHumanReadableCopyright = "Copyright © 2025 CycleRunCode Club. All rights reserved.";
				INSTALL_PATH = "$(LOCAL_LIBRARY_DIR)/Frameworks";
				LD_RUNPATH_SEARCH_PATHS = (
					"$(inherited)",
					"@executable_path/../Frameworks",
					"@loader_path/Frameworks",
				);
				MACOSX_DEPLOYMENT_TARGET = 15.0;
				MODULEMAP_FILE = "";
				PRODUCT_BUNDLE_IDENTIFIER = club.cycleruncode.DataLayer;
				PRODUCT_NAME = "$(TARGET_NAME:c99extidentifier)";
				SDKROOT = macosx;
				SKIP_INSTALL = YES;
				SWIFT_INSTALL_OBJC_HEADER = NO;
				SWIFT_VERSION = 5.9;
				VERSIONING_SYSTEM = "apple-generic";
				VERSION_INFO_PREFIX = "";
			};
			name = Release;
		};
		833C673BBD5132B895C17E9D /* Release configuration for PBXNativeTarget "Audientia" */ = {
			isa = XCBuildConfiguration;
			buildSettings = {
				ASSETCATALOG_COMPILER_APPICON_NAME = AppIcon;
				ASSETCATALOG_COMPILER_GLOBAL_ACCENT_COLOR_NAME = AccentColor;
				CODE_SIGNING_ALLOWED = NO;
				CODE_SIGNING_REQUIRED = NO;
				CODE_SIGN_IDENTITY = "";
				COMBINE_HIDPI_IMAGES = YES;
				DEVELOPMENT_TEAM = "";
				ENABLE_APP_SANDBOX = NO;
				ENABLE_HARDENED_RUNTIME = NO;
				GENERATE_INFOPLIST_FILE = NO;
				INFOPLIST_FILE = Configuration/Info.plist;
				LD_RUNPATH_SEARCH_PATHS = (
					"$(inherited)",
					"@executable_path/../Frameworks",
				);
				MACOSX_DEPLOYMENT_TARGET = 15.0;
				PRODUCT_BUNDLE_IDENTIFIER = club.cycleruncode.audientia;
				SDKROOT = macosx;
				SUPPORTED_PLATFORMS = macosx;
				SWIFT_VERSION = 5.9;
			};
			name = Release;
		};
		8B463EA3349A0B75E22915B8 /* Release configuration for PBXNativeTarget "Shared" */ = {
			isa = XCBuildConfiguration;
			buildSettings = {
				CLANG_ENABLE_MODULES = YES;
				CODE_SIGNING_REQUIRED = NO;
				CODE_SIGN_IDENTITY = "";
				COMBINE_HIDPI_IMAGES = YES;
				CURRENT_PROJECT_VERSION = 1;
				DEAD_CODE_STRIPPING = YES;
				DEFINES_MODULE = NO;
				DYLIB_COMPATIBILITY_VERSION = 1;
				DYLIB_CURRENT_VERSION = 1;
				DYLIB_INSTALL_NAME_BASE = "@rpath";
				GENERATE_INFOPLIST_FILE = YES;
				INFOPLIST_KEY_CFBundleName = Shared;
				INFOPLIST_KEY_NSHumanReadableCopyright = "Copyright © 2025 CycleRunCode Club. All rights reserved.";
				INSTALL_PATH = "$(LOCAL_LIBRARY_DIR)/Frameworks";
				LD_RUNPATH_SEARCH_PATHS = (
					"$(inherited)",
					"@executable_path/../Frameworks",
					"@loader_path/Frameworks",
				);
				MACOSX_DEPLOYMENT_TARGET = 15.0;
				MODULEMAP_FILE = "";
				PRODUCT_BUNDLE_IDENTIFIER = club.cycleruncode.Shared;
				PRODUCT_NAME = "$(TARGET_NAME:c99extidentifier)";
				SDKROOT = macosx;
				SKIP_INSTALL = YES;
				SWIFT_INSTALL_OBJC_HEADER = NO;
				SWIFT_VERSION = 5.9;
				VERSIONING_SYSTEM = "apple-generic";
				VERSION_INFO_PREFIX = "";
			};
			name = Release;
		};
		C48C04D59C13C2169FD9B98E /* Debug configuration for PBXNativeTarget "MetadataEngine" */ = {
			isa = XCBuildConfiguration;
			buildSettings = {
				CLANG_ENABLE_MODULES = YES;
				CODE_SIGNING_REQUIRED = NO;
				CODE_SIGN_IDENTITY = "";
				COMBINE_HIDPI_IMAGES = YES;
				CURRENT_PROJECT_VERSION = 1;
				DEAD_CODE_STRIPPING = YES;
				DEFINES_MODULE = NO;
				DYLIB_COMPATIBILITY_VERSION = 1;
				DYLIB_CURRENT_VERSION = 1;
				DYLIB_INSTALL_NAME_BASE = "@rpath";
				GENERATE_INFOPLIST_FILE = YES;
				INFOPLIST_KEY_CFBundleName = MetadataEngine;
				INFOPLIST_KEY_NSHumanReadableCopyright = "Copyright © 2025 CycleRunCode Club. All rights reserved.";
				INSTALL_PATH = "$(LOCAL_LIBRARY_DIR)/Frameworks";
				LD_RUNPATH_SEARCH_PATHS = (
					"$(inherited)",
					"@executable_path/../Frameworks",
					"@loader_path/Frameworks",
				);
				MACOSX_DEPLOYMENT_TARGET = 15.0;
				MODULEMAP_FILE = "";
				PRODUCT_BUNDLE_IDENTIFIER = club.cycleruncode.MetadataEngine;
				PRODUCT_NAME = "$(TARGET_NAME:c99extidentifier)";
				SDKROOT = macosx;
				SKIP_INSTALL = YES;
				SWIFT_INSTALL_OBJC_HEADER = NO;
				SWIFT_VERSION = 5.9;
				VERSIONING_SYSTEM = "apple-generic";
				VERSION_INFO_PREFIX = "";
			};
			name = Debug;
		};
		C69881D0E7151BDCB7F5EB01 /* Release configuration for PBXNativeTarget "AudioCore" */ = {
			isa = XCBuildConfiguration;
			buildSettings = {
				CLANG_ENABLE_MODULES = YES;
				CODE_SIGNING_REQUIRED = NO;
				CODE_SIGN_IDENTITY = "";
				COMBINE_HIDPI_IMAGES = YES;
				CURRENT_PROJECT_VERSION = 1;
				DEAD_CODE_STRIPPING = YES;
				DEFINES_MODULE = NO;
				DYLIB_COMPATIBILITY_VERSION = 1;
				DYLIB_CURRENT_VERSION = 1;
				DYLIB_INSTALL_NAME_BASE = "@rpath";
				GENERATE_INFOPLIST_FILE = YES;
				INFOPLIST_KEY_CFBundleName = AudioCore;
				INFOPLIST_KEY_NSHumanReadableCopyright = "Copyright © 2025 CycleRunCode Club. All rights reserved.";
				INSTALL_PATH = "$(LOCAL_LIBRARY_DIR)/Frameworks";
				LD_RUNPATH_SEARCH_PATHS = (
					"$(inherited)",
					"@executable_path/../Frameworks",
					"@loader_path/Frameworks",
				);
				MACOSX_DEPLOYMENT_TARGET = 15.0;
				MODULEMAP_FILE = "";
				PRODUCT_BUNDLE_IDENTIFIER = club.cycleruncode.AudioCore;
				PRODUCT_NAME = "$(TARGET_NAME:c99extidentifier)";
				SDKROOT = macosx;
				SKIP_INSTALL = YES;
				SWIFT_INSTALL_OBJC_HEADER = NO;
				SWIFT_VERSION = 5.9;
				VERSIONING_SYSTEM = "apple-generic";
				VERSION_INFO_PREFIX = "";
			};
			name = Release;
		};
		D566975F79E909381F8D132D /* Release configuration for PBXNativeTarget "MetadataEngine" */ = {
			isa = XCBuildConfiguration;
			buildSettings = {
				CLANG_ENABLE_MODULES = YES;
				CODE_SIGNING_REQUIRED = NO;
				CODE_SIGN_IDENTITY = "";
				COMBINE_HIDPI_IMAGES = YES;
				CURRENT_PROJECT_VERSION = 1;
				DEAD_CODE_STRIPPING = YES;
				DEFINES_MODULE = NO;
				DYLIB_COMPATIBILITY_VERSION = 1;
				DYLIB_CURRENT_VERSION = 1;
				DYLIB_INSTALL_NAME_BASE = "@rpath";
				GENERATE_INFOPLIST_FILE = YES;
				INFOPLIST_KEY_CFBundleName = MetadataEngine;
				INFOPLIST_KEY_NSHumanReadableCopyright = "Copyright © 2025 CycleRunCode Club. All rights reserved.";
				INSTALL_PATH = "$(LOCAL_LIBRARY_DIR)/Frameworks";
				LD_RUNPATH_SEARCH_PATHS = (
					"$(inherited)",
					"@executable_path/../Frameworks",
					"@loader_path/Frameworks",
				);
				MACOSX_DEPLOYMENT_TARGET = 15.0;
				MODULEMAP_FILE = "";
				PRODUCT_BUNDLE_IDENTIFIER = club.cycleruncode.MetadataEngine;
				PRODUCT_NAME = "$(TARGET_NAME:c99extidentifier)";
				SDKROOT = macosx;
				SKIP_INSTALL = YES;
				SWIFT_INSTALL_OBJC_HEADER = NO;
				SWIFT_VERSION = 5.9;
				VERSIONING_SYSTEM = "apple-generic";
				VERSION_INFO_PREFIX = "";
			};
			name = Release;
		};
		DABC0504F3F01E4CE02FA7A2 /* Release configuration for PBXProject "Audientia" */ = {
			isa = XCBuildConfiguration;
			buildSettings = {
				ALWAYS_SEARCH_USER_PATHS = NO;
				ASSETCATALOG_COMPILER_GENERATE_SWIFT_ASSET_SYMBOLS_EXTENSIONS = YES;
				CLANG_ANALYZER_NONNULL = YES;
				CLANG_ANALYZER_NUMBER_OBJECT_CONVERSION = YES_AGGRESSIVE;
				CLANG_CXX_LANGUAGE_STANDARD = "gnu++14";
				CLANG_CXX_LIBRARY = "libc++";
				CLANG_ENABLE_MODULES = YES;
				CLANG_ENABLE_OBJC_ARC = YES;
				CLANG_ENABLE_OBJC_WEAK = YES;
				CLANG_WARN_BLOCK_CAPTURE_AUTORELEASING = YES;
				CLANG_WARN_BOOL_CONVERSION = YES;
				CLANG_WARN_COMMA = YES;
				CLANG_WARN_CONSTANT_CONVERSION = YES;
				CLANG_WARN_DEPRECATED_OBJC_IMPLEMENTATIONS = YES;
				CLANG_WARN_DIRECT_OBJC_ISA_USAGE = YES_ERROR;
				CLANG_WARN_DOCUMENTATION_COMMENTS = YES;
				CLANG_WARN_EMPTY_BODY = YES;
				CLANG_WARN_ENUM_CONVERSION = YES;
				CLANG_WARN_INFINITE_RECURSION = YES;
				CLANG_WARN_INT_CONVERSION = YES;
				CLANG_WARN_NON_LITERAL_NULL_CONVERSION = YES;
				CLANG_WARN_OBJC_IMPLICIT_RETAIN_SELF = YES;
				CLANG_WARN_OBJC_LITERAL_CONVERSION = YES;
				CLANG_WARN_OBJC_ROOT_CLASS = YES_ERROR;
				CLANG_WARN_QUOTED_INCLUDE_IN_FRAMEWORK_HEADER = YES;
				CLANG_WARN_RANGE_LOOP_ANALYSIS = YES;
				CLANG_WARN_STRICT_PROTOTYPES = YES;
				CLANG_WARN_SUSPICIOUS_MOVE = YES;
				CLANG_WARN_UNGUARDED_AVAILABILITY = YES_AGGRESSIVE;
				CLANG_WARN_UNREACHABLE_CODE = YES;
				CLANG_WARN__DUPLICATE_METHOD_MATCH = YES;
				CODE_SIGNING_ALLOWED = NO;
				CODE_SIGNING_REQUIRED = NO;
				CODE_SIGN_IDENTITY = "";
				COPY_PHASE_STRIP = NO;
				CURRENT_PROJECT_VERSION = 1;
				DEAD_CODE_STRIPPING = YES;
				DEBUG_INFORMATION_FORMAT = "dwarf-with-dsym";
				ENABLE_NS_ASSERTIONS = NO;
				ENABLE_STRICT_OBJC_MSGSEND = YES;
				GCC_C_LANGUAGE_STANDARD = gnu11;
				GCC_NO_COMMON_BLOCKS = YES;
				GCC_WARN_64_TO_32_BIT_CONVERSION = YES;
				GCC_WARN_ABOUT_RETURN_TYPE = YES_ERROR;
				GCC_WARN_UNDECLARED_SELECTOR = YES;
				GCC_WARN_UNINITIALIZED_AUTOS = YES_AGGRESSIVE;
				GCC_WARN_UNUSED_FUNCTION = YES;
				GCC_WARN_UNUSED_VARIABLE = YES;
				MACOSX_DEPLOYMENT_TARGET = 15.0;
				MARKETING_VERSION = 2025.01.0001;
				MTL_ENABLE_DEBUG_INFO = NO;
				MTL_FAST_MATH = YES;
				PRODUCT_BUNDLE_IDENTIFIER = club.cycleruncode.audientia;
				PRODUCT_NAME = "$(TARGET_NAME)";
				SWIFT_COMPILATION_MODE = wholemodule;
				SWIFT_OPTIMIZATION_LEVEL = "-O";
				SWIFT_VERSION = 5.9;
			};
			name = Release;
		};
		E358458AB65AD7C84E361426 /* Debug configuration for PBXNativeTarget "DataLayer" */ = {
			isa = XCBuildConfiguration;
			buildSettings = {
				CLANG_ENABLE_MODULES = YES;
				CODE_SIGNING_REQUIRED = NO;
				CODE_SIGN_IDENTITY = "";
				COMBINE_HIDPI_IMAGES = YES;
				CURRENT_PROJECT_VERSION = 1;
				DEAD_CODE_STRIPPING = YES;
				DEFINES_MODULE = NO;
				DYLIB_COMPATIBILITY_VERSION = 1;
				DYLIB_CURRENT_VERSION = 1;
				DYLIB_INSTALL_NAME_BASE = "@rpath";
				GENERATE_INFOPLIST_FILE = YES;
				INFOPLIST_KEY_CFBundleName = DataLayer;
				INFOPLIST_KEY_NSHumanReadableCopyright = "Copyright © 2025 CycleRunCode Club. All rights reserved.";
				INSTALL_PATH = "$(LOCAL_LIBRARY_DIR)/Frameworks";
				LD_RUNPATH_SEARCH_PATHS = (
					"$(inherited)",
					"@executable_path/../Frameworks",
					"@loader_path/Frameworks",
				);
				MACOSX_DEPLOYMENT_TARGET = 15.0;
				MODULEMAP_FILE = "";
				PRODUCT_BUNDLE_IDENTIFIER = club.cycleruncode.DataLayer;
				PRODUCT_NAME = "$(TARGET_NAME:c99extidentifier)";
				SDKROOT = macosx;
				SKIP_INSTALL = YES;
				SWIFT_INSTALL_OBJC_HEADER = NO;
				SWIFT_VERSION = 5.9;
				VERSIONING_SYSTEM = "apple-generic";
				VERSION_INFO_PREFIX = "";
			};
			name = Debug;
		};
		FAEE61C64076C6BCCDC63BB1 /* Debug configuration for PBXNativeTarget "SharedTests" */ = {
			isa = XCBuildConfiguration;
			buildSettings = {
				BUNDLE_LOADER = "";
				CODE_SIGNING_REQUIRED = NO;
				CODE_SIGN_IDENTITY = "";
				DEAD_CODE_STRIPPING = YES;
				MACOSX_DEPLOYMENT_TARGET = 15.0;
				PRODUCT_BUNDLE_IDENTIFIER = club.cycleruncode.SharedTests;
				SDKROOT = macosx;
				SWIFT_VERSION = 5.9;
				TEST_HOST = "";
			};
			name = Debug;
		};
		FC1C25ADA7251E3A2F59F041 /* Release configuration for PBXNativeTarget "SharedTests" */ = {
			isa = XCBuildConfiguration;
			buildSettings = {
				BUNDLE_LOADER = "";
				CODE_SIGNING_REQUIRED = NO;
				CODE_SIGN_IDENTITY = "";
				DEAD_CODE_STRIPPING = YES;
				MACOSX_DEPLOYMENT_TARGET = 15.0;
				PRODUCT_BUNDLE_IDENTIFIER = club.cycleruncode.SharedTests;
				SDKROOT = macosx;
				SWIFT_VERSION = 5.9;
				TEST_HOST = "";
			};
			name = Release;
		};
/* End XCBuildConfiguration section */

/* Begin XCConfigurationList section */
		16C4F25F24F7F3D5CF6010D0 /* Build configuration list for PBXNativeTarget "DataLayer" */ = {
			isa = XCConfigurationList;
			buildConfigurations = (
				71B2117639CD624E3865311D /* Release configuration for PBXNativeTarget "DataLayer" */,
				E358458AB65AD7C84E361426 /* Debug configuration for PBXNativeTarget "DataLayer" */,
			);
			defaultConfigurationName = Release;
		};
		17C82C4B2E0359A6BC6BF301 /* Build configuration list for PBXNativeTarget "SharedTests" */ = {
			isa = XCConfigurationList;
			buildConfigurations = (
				FC1C25ADA7251E3A2F59F041 /* Release configuration for PBXNativeTarget "SharedTests" */,
				FAEE61C64076C6BCCDC63BB1 /* Debug configuration for PBXNativeTarget "SharedTests" */,
			);
			defaultConfigurationName = Release;
		};
		660F564E27E6677AFC7387E8 /* Build configuration list for PBXNativeTarget "MetadataEngine" */ = {
			isa = XCConfigurationList;
			buildConfigurations = (
				D566975F79E909381F8D132D /* Release configuration for PBXNativeTarget "MetadataEngine" */,
				C48C04D59C13C2169FD9B98E /* Debug configuration for PBXNativeTarget "MetadataEngine" */,
			);
			defaultConfigurationName = Release;
		};
		6D024C2BE72B4D00B07096A9 /* Build configuration list for PBXNativeTarget "Shared" */ = {
			isa = XCConfigurationList;
			buildConfigurations = (
				8B463EA3349A0B75E22915B8 /* Release configuration for PBXNativeTarget "Shared" */,
				27E804AA3951B5A2A4AA8B8D /* Debug configuration for PBXNativeTarget "Shared" */,
			);
			defaultConfigurationName = Release;
		};
		8C29BB966C841C8BC43A1B71 /* Build configuration list for PBXNativeTarget "Audientia" */ = {
			isa = XCConfigurationList;
			buildConfigurations = (
				833C673BBD5132B895C17E9D /* Release configuration for PBXNativeTarget "Audientia" */,
				3A0B38EA4410247D51D3CD56 /* Debug configuration for PBXNativeTarget "Audientia" */,
			);
			defaultConfigurationName = Release;
		};
		B356237CCD497EEF557B43F0 /* Build configuration list for PBXProject "Audientia" */ = {
			isa = XCConfigurationList;
			buildConfigurations = (
				0BF869B0880C4EB73192A9BE /* Debug configuration for PBXProject "Audientia" */,
				DABC0504F3F01E4CE02FA7A2 /* Release configuration for PBXProject "Audientia" */,
			);
			defaultConfigurationName = Release;
		};
		C2398F8D6BF9E5D12D65BBFD /* Build configuration list for PBXNativeTarget "PluginSystem" */ = {
			isa = XCConfigurationList;
			buildConfigurations = (
				42CA668C42A40FD36BF6C3B5 /* Release configuration for PBXNativeTarget "PluginSystem" */,
				0FD3DA7642C40F8C46359A9E /* Debug configuration for PBXNativeTarget "PluginSystem" */,
			);
			defaultConfigurationName = Release;
		};
		C5732A8E38EF6A3D5D5D421F /* Build configuration list for PBXNativeTarget "AudioCore" */ = {
			isa = XCConfigurationList;
			buildConfigurations = (
				C69881D0E7151BDCB7F5EB01 /* Release configuration for PBXNativeTarget "AudioCore" */,
				38634AD6A031C4FEA9EC0AAC /* Debug configuration for PBXNativeTarget "AudioCore" */,
			);
			defaultConfigurationName = Release;
		};
		D20025DA7DD3BB3C82D311AF /* Build configuration list for PBXNativeTarget "AppKitBridge" */ = {
			isa = XCConfigurationList;
			buildConfigurations = (
				1FE1C52A07316057C829FCEE /* Release configuration for PBXNativeTarget "AppKitBridge" */,
				37B3DFC57C62B0252C1FF110 /* Debug configuration for PBXNativeTarget "AppKitBridge" */,
			);
			defaultConfigurationName = Release;
		};
/* End XCConfigurationList section */
	};
	rootObject = C2C3DCF2EF2BC8483228CBB5 /* Project object */;
}
